// !$*UTF8*$!
{
	archiveVersion = 1;
	classes = {
	};
	objectVersion = 56;
	objects = {

/* Begin PBXBuildFile section */
		1809DC2E2DF3EEDD00A1B0AB /* FillOutEscrowView.swift in Sources */ = {isa = PBXBuildFile; fileRef = 1809DC2D2DF3EED800A1B0AB /* FillOutEscrowView.swift */; };
		1818BD772DA1FE540078BCAB /* DaysOne-Regular.ttf in Resources */ = {isa = PBXBuildFile; fileRef = 1818BD762DA1FE540078BCAB /* DaysOne-Regular.ttf */; };
		1818BD792DA9F57F0078BCAB /* Escrow.swift in Sources */ = {isa = PBXBuildFile; fileRef = 1818BD782DA9F57B0078BCAB /* Escrow.swift */; };
		181B83E02D79561200C4E576 /* OpenEscrowsView.swift in Sources */ = {isa = PBXBuildFile; fileRef = 181B83DF2D79560B00C4E576 /* OpenEscrowsView.swift */; };
		181B83E22D795EC100C4E576 /* EscrowCardView.swift in Sources */ = {isa = PBXBuildFile; fileRef = 181B83E12D795EBD00C4E576 /* EscrowCardView.swift */; };
		181C1B4A2DB0859C00B906B9 /* EscrowDetailView.swift in Sources */ = {isa = PBXBuildFile; fileRef = 181C1B492DB0859700B906B9 /* EscrowDetailView.swift */; };
		1852A2C82DFF6F500034BC95 /* MakePaymentView.swift in Sources */ = {isa = PBXBuildFile; fileRef = 1852A2C72DFF6F4B0034BC95 /* MakePaymentView.swift */; };
		1852A2CD2E10E6180034BC95 /* AppState.swift in Sources */ = {isa = PBXBuildFile; fileRef = 1852A2CC2E10E6150034BC95 /* AppState.swift */; };
		1852A2CF2E10E6520034BC95 /* RootView.swift in Sources */ = {isa = PBXBuildFile; fileRef = 1852A2CE2E10E6500034BC95 /* RootView.swift */; };
		1852A2D22E1358A60034BC95 /* EscrowService.swift in Sources */ = {isa = PBXBuildFile; fileRef = 1852A2D12E1358A30034BC95 /* EscrowService.swift */; };
		1852A2D42E135B0D0034BC95 /* EscrowViewModel.swift in Sources */ = {isa = PBXBuildFile; fileRef = 1852A2D32E135B0A0034BC95 /* EscrowViewModel.swift */; };
		1852A2D62E1DBD8F0034BC95 /* UserSearchViewModel.swift in Sources */ = {isa = PBXBuildFile; fileRef = 1852A2D52E1DBD8B0034BC95 /* UserSearchViewModel.swift */; };
		1852A2D82E1DBF1A0034BC95 /* UserSearchSheetView.swift in Sources */ = {isa = PBXBuildFile; fileRef = 1852A2D72E1DBF150034BC95 /* UserSearchSheetView.swift */; };
		1852A2DA2E1DECDA0034BC95 /* GetStartedView.swift in Sources */ = {isa = PBXBuildFile; fileRef = 1852A2D92E1DECD50034BC95 /* GetStartedView.swift */; };
		1852A2DC2E2C57380034BC95 /* StepByStepEscrowView.swift in Sources */ = {isa = PBXBuildFile; fileRef = 1852A2DB2E2C57320034BC95 /* StepByStepEscrowView.swift */; };
		1852A2DE2E2C67480034BC95 /* ProgressBar.swift in Sources */ = {isa = PBXBuildFile; fileRef = 1852A2DD2E2C673D0034BC95 /* ProgressBar.swift */; };
		1857F8342E496B7600B75623 /* FundEscrowView.swift in Sources */ = {isa = PBXBuildFile; fileRef = 1857F8332E496B7200B75623 /* FundEscrowView.swift */; };
		1857F8382E496E7800B75623 /* Stripe in Frameworks */ = {isa = PBXBuildFile; productRef = 1857F8372E496E7800B75623 /* Stripe */; };
		1857F83A2E496E7800B75623 /* StripeApplePay in Frameworks */ = {isa = PBXBuildFile; productRef = 1857F8392E496E7800B75623 /* StripeApplePay */; };
		1857F83C2E496E7800B75623 /* StripeCardScan in Frameworks */ = {isa = PBXBuildFile; productRef = 1857F83B2E496E7800B75623 /* StripeCardScan */; };
		1857F83E2E496E7800B75623 /* StripeConnect in Frameworks */ = {isa = PBXBuildFile; productRef = 1857F83D2E496E7800B75623 /* StripeConnect */; };
		1857F8402E496E7800B75623 /* StripeFinancialConnections in Frameworks */ = {isa = PBXBuildFile; productRef = 1857F83F2E496E7800B75623 /* StripeFinancialConnections */; };
		1857F8422E496E7800B75623 /* StripeIdentity in Frameworks */ = {isa = PBXBuildFile; productRef = 1857F8412E496E7800B75623 /* StripeIdentity */; };
		1857F8442E496E7800B75623 /* StripePayments in Frameworks */ = {isa = PBXBuildFile; productRef = 1857F8432E496E7800B75623 /* StripePayments */; };
		1857F8462E496E7800B75623 /* StripePaymentSheet in Frameworks */ = {isa = PBXBuildFile; productRef = 1857F8452E496E7800B75623 /* StripePaymentSheet */; };
		1857F8482E496E7800B75623 /* StripePaymentsUI in Frameworks */ = {isa = PBXBuildFile; productRef = 1857F8472E496E7800B75623 /* StripePaymentsUI */; };
		1857F84A2E4AA74400B75623 /* EscrowAPIModel.swift in Sources */ = {isa = PBXBuildFile; fileRef = 1857F8492E4AA73A00B75623 /* EscrowAPIModel.swift */; };
		1857F84C2E4C05C100B75623 /* EscrowDetailScreen.swift in Sources */ = {isa = PBXBuildFile; fileRef = 1857F84B2E4C05BC00B75623 /* EscrowDetailScreen.swift */; };
		186326602D5B05BB00759DC1 /* GoldyApp.swift in Sources */ = {isa = PBXBuildFile; fileRef = 1863265F2D5B05BB00759DC1 /* GoldyApp.swift */; };
		186326642D5B05BC00759DC1 /* Assets.xcassets in Resources */ = {isa = PBXBuildFile; fileRef = 186326632D5B05BC00759DC1 /* Assets.xcassets */; };
		186326682D5B05BC00759DC1 /* Preview Assets.xcassets in Resources */ = {isa = PBXBuildFile; fileRef = 186326672D5B05BC00759DC1 /* Preview Assets.xcassets */; };
		18781B612D73873600EC3178 /* SignupView.swift in Sources */ = {isa = PBXBuildFile; fileRef = 18781B602D73873300EC3178 /* SignupView.swift */; };
		18781B632D73F87900EC3178 /* SignupViewModel.swift in Sources */ = {isa = PBXBuildFile; fileRef = 18781B622D73F87600EC3178 /* SignupViewModel.swift */; };
		18781B682D73F97D00EC3178 /* User.swift in Sources */ = {isa = PBXBuildFile; fileRef = 18781B672D73F97C00EC3178 /* User.swift */; };
		18781B6B2D73F9CA00EC3178 /* LabelTextField.swift in Sources */ = {isa = PBXBuildFile; fileRef = 18781B6A2D73F9C700EC3178 /* LabelTextField.swift */; };
		18781B6D2D73FCF000EC3178 /* AppBackgroundView.swift in Sources */ = {isa = PBXBuildFile; fileRef = 18781B6C2D73FCED00EC3178 /* AppBackgroundView.swift */; };
		18781B6F2D73FD0900EC3178 /* PrimaryActionButton.swift in Sources */ = {isa = PBXBuildFile; fileRef = 18781B6E2D73FD0600EC3178 /* PrimaryActionButton.swift */; };
		18781B712D74009E00EC3178 /* PersistentToolbarContainer.swift in Sources */ = {isa = PBXBuildFile; fileRef = 18781B702D74009200EC3178 /* PersistentToolbarContainer.swift */; };
		18781B732D7400B300EC3178 /* BottomToolbar.swift in Sources */ = {isa = PBXBuildFile; fileRef = 18781B722D7400AF00EC3178 /* BottomToolbar.swift */; };
		18781B752D74074600EC3178 /* NotchedBarShape.swift in Sources */ = {isa = PBXBuildFile; fileRef = 18781B742D74073F00EC3178 /* NotchedBarShape.swift */; };
		18FC97FF2D6EE1160053CFD3 /* IntroView.swift in Sources */ = {isa = PBXBuildFile; fileRef = 18FC97FE2D6EE1120053CFD3 /* IntroView.swift */; };
		18FC98012D6EE2910053CFD3 /* DelaGothicOne-Regular.ttf in Resources */ = {isa = PBXBuildFile; fileRef = 18FC98002D6EE2910053CFD3 /* DelaGothicOne-Regular.ttf */; };
		18FC98032D737DE10053CFD3 /* CreateEscrowView.swift in Sources */ = {isa = PBXBuildFile; fileRef = 18FC98022D737DDC0053CFD3 /* CreateEscrowView.swift */; };
		18FC98052D737EFC0053CFD3 /* IBMPlexMono-Regular.ttf in Resources */ = {isa = PBXBuildFile; fileRef = 18FC98042D737EFC0053CFD3 /* IBMPlexMono-Regular.ttf */; };
		18FC98072D7380EC0053CFD3 /* AuthViewModel.swift in Sources */ = {isa = PBXBuildFile; fileRef = 18FC98062D7380E40053CFD3 /* AuthViewModel.swift */; };
		18FC980B2D7381820053CFD3 /* LoginView.swift in Sources */ = {isa = PBXBuildFile; fileRef = 18FC980A2D7381800053CFD3 /* LoginView.swift */; };
/* End PBXBuildFile section */

/* Begin PBXFileReference section */
		1809DC2D2DF3EED800A1B0AB /* FillOutEscrowView.swift */ = {isa = PBXFileReference; lastKnownFileType = sourcecode.swift; path = FillOutEscrowView.swift; sourceTree = "<group>"; };
		1818BD762DA1FE540078BCAB /* DaysOne-Regular.ttf */ = {isa = PBXFileReference; lastKnownFileType = file; path = "DaysOne-Regular.ttf"; sourceTree = "<group>"; };
		1818BD782DA9F57B0078BCAB /* Escrow.swift */ = {isa = PBXFileReference; lastKnownFileType = sourcecode.swift; path = Escrow.swift; sourceTree = "<group>"; };
		181B83DF2D79560B00C4E576 /* OpenEscrowsView.swift */ = {isa = PBXFileReference; lastKnownFileType = sourcecode.swift; path = OpenEscrowsView.swift; sourceTree = "<group>"; };
		181B83E12D795EBD00C4E576 /* EscrowCardView.swift */ = {isa = PBXFileReference; lastKnownFileType = sourcecode.swift; path = EscrowCardView.swift; sourceTree = "<group>"; };
		181C1B492DB0859700B906B9 /* EscrowDetailView.swift */ = {isa = PBXFileReference; lastKnownFileType = sourcecode.swift; path = EscrowDetailView.swift; sourceTree = "<group>"; };
		1852A2C72DFF6F4B0034BC95 /* MakePaymentView.swift */ = {isa = PBXFileReference; lastKnownFileType = sourcecode.swift; path = MakePaymentView.swift; sourceTree = "<group>"; };
		1852A2CC2E10E6150034BC95 /* AppState.swift */ = {isa = PBXFileReference; lastKnownFileType = sourcecode.swift; path = AppState.swift; sourceTree = "<group>"; };
		1852A2CE2E10E6500034BC95 /* RootView.swift */ = {isa = PBXFileReference; lastKnownFileType = sourcecode.swift; path = RootView.swift; sourceTree = "<group>"; };
		1852A2D12E1358A30034BC95 /* EscrowService.swift */ = {isa = PBXFileReference; lastKnownFileType = sourcecode.swift; path = EscrowService.swift; sourceTree = "<group>"; };
		1852A2D32E135B0A0034BC95 /* EscrowViewModel.swift */ = {isa = PBXFileReference; lastKnownFileType = sourcecode.swift; path = EscrowViewModel.swift; sourceTree = "<group>"; };
		1852A2D52E1DBD8B0034BC95 /* UserSearchViewModel.swift */ = {isa = PBXFileReference; lastKnownFileType = sourcecode.swift; path = UserSearchViewModel.swift; sourceTree = "<group>"; };
		1852A2D72E1DBF150034BC95 /* UserSearchSheetView.swift */ = {isa = PBXFileReference; lastKnownFileType = sourcecode.swift; path = UserSearchSheetView.swift; sourceTree = "<group>"; };
		1852A2D92E1DECD50034BC95 /* GetStartedView.swift */ = {isa = PBXFileReference; lastKnownFileType = sourcecode.swift; path = GetStartedView.swift; sourceTree = "<group>"; };
		1852A2DB2E2C57320034BC95 /* StepByStepEscrowView.swift */ = {isa = PBXFileReference; lastKnownFileType = sourcecode.swift; path = StepByStepEscrowView.swift; sourceTree = "<group>"; };
		1852A2DD2E2C673D0034BC95 /* ProgressBar.swift */ = {isa = PBXFileReference; lastKnownFileType = sourcecode.swift; path = ProgressBar.swift; sourceTree = "<group>"; };
		1857F8332E496B7200B75623 /* FundEscrowView.swift */ = {isa = PBXFileReference; lastKnownFileType = sourcecode.swift; path = FundEscrowView.swift; sourceTree = "<group>"; };
		1857F8492E4AA73A00B75623 /* EscrowAPIModel.swift */ = {isa = PBXFileReference; lastKnownFileType = sourcecode.swift; path = EscrowAPIModel.swift; sourceTree = "<group>"; };
		1857F84B2E4C05BC00B75623 /* EscrowDetailScreen.swift */ = {isa = PBXFileReference; lastKnownFileType = sourcecode.swift; path = EscrowDetailScreen.swift; sourceTree = "<group>"; };
		1863265C2D5B05BB00759DC1 /* Goldy.app */ = {isa = PBXFileReference; explicitFileType = wrapper.application; includeInIndex = 0; path = Goldy.app; sourceTree = BUILT_PRODUCTS_DIR; };
		1863265F2D5B05BB00759DC1 /* GoldyApp.swift */ = {isa = PBXFileReference; lastKnownFileType = sourcecode.swift; path = GoldyApp.swift; sourceTree = "<group>"; };
		186326632D5B05BC00759DC1 /* Assets.xcassets */ = {isa = PBXFileReference; lastKnownFileType = folder.assetcatalog; path = Assets.xcassets; sourceTree = "<group>"; };
		186326652D5B05BC00759DC1 /* Goldy.entitlements */ = {isa = PBXFileReference; lastKnownFileType = text.plist.entitlements; path = Goldy.entitlements; sourceTree = "<group>"; };
		186326672D5B05BC00759DC1 /* Preview Assets.xcassets */ = {isa = PBXFileReference; lastKnownFileType = folder.assetcatalog; path = "Preview Assets.xcassets"; sourceTree = "<group>"; };
		18781B602D73873300EC3178 /* SignupView.swift */ = {isa = PBXFileReference; lastKnownFileType = sourcecode.swift; path = SignupView.swift; sourceTree = "<group>"; };
		18781B622D73F87600EC3178 /* SignupViewModel.swift */ = {isa = PBXFileReference; lastKnownFileType = sourcecode.swift; path = SignupViewModel.swift; sourceTree = "<group>"; };
		18781B672D73F97C00EC3178 /* User.swift */ = {isa = PBXFileReference; lastKnownFileType = sourcecode.swift; path = User.swift; sourceTree = "<group>"; };
		18781B6A2D73F9C700EC3178 /* LabelTextField.swift */ = {isa = PBXFileReference; lastKnownFileType = sourcecode.swift; path = LabelTextField.swift; sourceTree = "<group>"; };
		18781B6C2D73FCED00EC3178 /* AppBackgroundView.swift */ = {isa = PBXFileReference; lastKnownFileType = sourcecode.swift; path = AppBackgroundView.swift; sourceTree = "<group>"; };
		18781B6E2D73FD0600EC3178 /* PrimaryActionButton.swift */ = {isa = PBXFileReference; lastKnownFileType = sourcecode.swift; path = PrimaryActionButton.swift; sourceTree = "<group>"; };
		18781B702D74009200EC3178 /* PersistentToolbarContainer.swift */ = {isa = PBXFileReference; lastKnownFileType = sourcecode.swift; path = PersistentToolbarContainer.swift; sourceTree = "<group>"; };
		18781B722D7400AF00EC3178 /* BottomToolbar.swift */ = {isa = PBXFileReference; lastKnownFileType = sourcecode.swift; path = BottomToolbar.swift; sourceTree = "<group>"; };
		18781B742D74073F00EC3178 /* NotchedBarShape.swift */ = {isa = PBXFileReference; lastKnownFileType = sourcecode.swift; path = NotchedBarShape.swift; sourceTree = "<group>"; };
		18FC97FD2D6EE0E90053CFD3 /* Info.plist */ = {isa = PBXFileReference; lastKnownFileType = text.plist; path = Info.plist; sourceTree = "<group>"; };
		18FC97FE2D6EE1120053CFD3 /* IntroView.swift */ = {isa = PBXFileReference; lastKnownFileType = sourcecode.swift; path = IntroView.swift; sourceTree = "<group>"; };
		18FC98002D6EE2910053CFD3 /* DelaGothicOne-Regular.ttf */ = {isa = PBXFileReference; lastKnownFileType = file; path = "DelaGothicOne-Regular.ttf"; sourceTree = "<group>"; };
		18FC98022D737DDC0053CFD3 /* CreateEscrowView.swift */ = {isa = PBXFileReference; lastKnownFileType = sourcecode.swift; path = CreateEscrowView.swift; sourceTree = "<group>"; };
		18FC98042D737EFC0053CFD3 /* IBMPlexMono-Regular.ttf */ = {isa = PBXFileReference; lastKnownFileType = file; path = "IBMPlexMono-Regular.ttf"; sourceTree = "<group>"; };
		18FC98062D7380E40053CFD3 /* AuthViewModel.swift */ = {isa = PBXFileReference; lastKnownFileType = sourcecode.swift; path = AuthViewModel.swift; sourceTree = "<group>"; };
		18FC980A2D7381800053CFD3 /* LoginView.swift */ = {isa = PBXFileReference; lastKnownFileType = sourcecode.swift; path = LoginView.swift; sourceTree = "<group>"; };
/* End PBXFileReference section */

/* Begin PBXFrameworksBuildPhase section */
		186326592D5B05BB00759DC1 /* Frameworks */ = {
			isa = PBXFrameworksBuildPhase;
			buildActionMask = 2147483647;
			files = (
				1857F8462E496E7800B75623 /* StripePaymentSheet in Frameworks */,
				1857F8402E496E7800B75623 /* StripeFinancialConnections in Frameworks */,
				1857F83C2E496E7800B75623 /* StripeCardScan in Frameworks */,
				1857F8382E496E7800B75623 /* Stripe in Frameworks */,
				1857F8422E496E7800B75623 /* StripeIdentity in Frameworks */,
				1857F83E2E496E7800B75623 /* StripeConnect in Frameworks */,
				1857F8482E496E7800B75623 /* StripePaymentsUI in Frameworks */,
				1857F8442E496E7800B75623 /* StripePayments in Frameworks */,
				1857F83A2E496E7800B75623 /* StripeApplePay in Frameworks */,
			);
			runOnlyForDeploymentPostprocessing = 0;
		};
/* End PBXFrameworksBuildPhase section */

/* Begin PBXGroup section */
		1852A2CA2E10E58E0034BC95 /* Login */ = {
			isa = PBXGroup;
			children = (
				18781B602D73873300EC3178 /* SignupView.swift */,
				18FC980A2D7381800053CFD3 /* LoginView.swift */,
				18FC97FE2D6EE1120053CFD3 /* IntroView.swift */,
			);
			path = Login;
			sourceTree = "<group>";
		};
		1852A2CB2E10E60B0034BC95 /* State */ = {
			isa = PBXGroup;
			children = (
				1852A2CE2E10E6500034BC95 /* RootView.swift */,
				1852A2CC2E10E6150034BC95 /* AppState.swift */,
				1863265F2D5B05BB00759DC1 /* GoldyApp.swift */,
			);
			path = State;
			sourceTree = "<group>";
		};
		1852A2D02E13542D0034BC95 /* Services */ = {
			isa = PBXGroup;
			children = (
				1852A2D12E1358A30034BC95 /* EscrowService.swift */,
			);
			path = Services;
			sourceTree = "<group>";
		};
		1857F8362E496E7800B75623 /* Frameworks */ = {
			isa = PBXGroup;
			children = (
			);
			name = Frameworks;
			sourceTree = "<group>";
		};
		186326532D5B05BB00759DC1 = {
			isa = PBXGroup;
			children = (
				1863265E2D5B05BB00759DC1 /* Goldy */,
				1857F8362E496E7800B75623 /* Frameworks */,
				1863265D2D5B05BB00759DC1 /* Products */,
			);
			sourceTree = "<group>";
		};
		1863265D2D5B05BB00759DC1 /* Products */ = {
			isa = PBXGroup;
			children = (
				1863265C2D5B05BB00759DC1 /* Goldy.app */,
			);
			name = Products;
			sourceTree = "<group>";
		};
		1863265E2D5B05BB00759DC1 /* Goldy */ = {
			isa = PBXGroup;
			children = (
				1852A2D02E13542D0034BC95 /* Services */,
				1852A2CB2E10E60B0034BC95 /* State */,
				1852A2CA2E10E58E0034BC95 /* Login */,
				18781B692D73F9B900EC3178 /* Components */,
				18781B662D73F96E00EC3178 /* Models */,
				18781B652D73F8A800EC3178 /* View Models */,
				18FC98082D7380FD0053CFD3 /* Views */,
				18FC97FD2D6EE0E90053CFD3 /* Info.plist */,
				186326632D5B05BC00759DC1 /* Assets.xcassets */,
				18FC98002D6EE2910053CFD3 /* DelaGothicOne-Regular.ttf */,
				18FC98042D737EFC0053CFD3 /* IBMPlexMono-Regular.ttf */,
				1818BD762DA1FE540078BCAB /* DaysOne-Regular.ttf */,
				186326652D5B05BC00759DC1 /* Goldy.entitlements */,
				186326662D5B05BC00759DC1 /* Preview Content */,
			);
			path = Goldy;
			sourceTree = "<group>";
		};
		186326662D5B05BC00759DC1 /* Preview Content */ = {
			isa = PBXGroup;
			children = (
				186326672D5B05BC00759DC1 /* Preview Assets.xcassets */,
			);
			path = "Preview Content";
			sourceTree = "<group>";
		};
		18781B652D73F8A800EC3178 /* View Models */ = {
			isa = PBXGroup;
			children = (
				1852A2D52E1DBD8B0034BC95 /* UserSearchViewModel.swift */,
				1852A2D32E135B0A0034BC95 /* EscrowViewModel.swift */,
				18781B622D73F87600EC3178 /* SignupViewModel.swift */,
				18FC98062D7380E40053CFD3 /* AuthViewModel.swift */,
			);
			path = "View Models";
			sourceTree = "<group>";
		};
		18781B662D73F96E00EC3178 /* Models */ = {
			isa = PBXGroup;
			children = (
				1857F8492E4AA73A00B75623 /* EscrowAPIModel.swift */,
				1818BD782DA9F57B0078BCAB /* Escrow.swift */,
				18781B672D73F97C00EC3178 /* User.swift */,
			);
			path = Models;
			sourceTree = "<group>";
		};
		18781B692D73F9B900EC3178 /* Components */ = {
			isa = PBXGroup;
			children = (
				18781B742D74073F00EC3178 /* NotchedBarShape.swift */,
				18781B722D7400AF00EC3178 /* BottomToolbar.swift */,
				18781B702D74009200EC3178 /* PersistentToolbarContainer.swift */,
				18781B6E2D73FD0600EC3178 /* PrimaryActionButton.swift */,
				18781B6C2D73FCED00EC3178 /* AppBackgroundView.swift */,
				18781B6A2D73F9C700EC3178 /* LabelTextField.swift */,
			);
			path = Components;
			sourceTree = "<group>";
		};
		18FC98082D7380FD0053CFD3 /* Views */ = {
			isa = PBXGroup;
			children = (
				1857F84B2E4C05BC00B75623 /* EscrowDetailScreen.swift */,
				1857F8332E496B7200B75623 /* FundEscrowView.swift */,
				1852A2DD2E2C673D0034BC95 /* ProgressBar.swift */,
				1852A2DB2E2C57320034BC95 /* StepByStepEscrowView.swift */,
				1852A2D92E1DECD50034BC95 /* GetStartedView.swift */,
				1852A2D72E1DBF150034BC95 /* UserSearchSheetView.swift */,
				1852A2C72DFF6F4B0034BC95 /* MakePaymentView.swift */,
				1809DC2D2DF3EED800A1B0AB /* FillOutEscrowView.swift */,
				181C1B492DB0859700B906B9 /* EscrowDetailView.swift */,
				181B83E12D795EBD00C4E576 /* EscrowCardView.swift */,
				181B83DF2D79560B00C4E576 /* OpenEscrowsView.swift */,
				18FC98022D737DDC0053CFD3 /* CreateEscrowView.swift */,
			);
			path = Views;
			sourceTree = "<group>";
		};
/* End PBXGroup section */

/* Begin PBXNativeTarget section */
		1863265B2D5B05BB00759DC1 /* Goldy */ = {
			isa = PBXNativeTarget;
			buildConfigurationList = 1863266B2D5B05BC00759DC1 /* Build configuration list for PBXNativeTarget "Goldy" */;
			buildPhases = (
				186326582D5B05BB00759DC1 /* Sources */,
				186326592D5B05BB00759DC1 /* Frameworks */,
				1863265A2D5B05BB00759DC1 /* Resources */,
			);
			buildRules = (
			);
			dependencies = (
			);
			name = Goldy;
			productName = Goldy;
			productReference = 1863265C2D5B05BB00759DC1 /* Goldy.app */;
			productType = "com.apple.product-type.application";
		};
/* End PBXNativeTarget section */

/* Begin PBXProject section */
		186326542D5B05BB00759DC1 /* Project object */ = {
			isa = PBXProject;
			attributes = {
				BuildIndependentTargetsInParallel = 1;
				LastSwiftUpdateCheck = 1540;
				LastUpgradeCheck = 1620;
				TargetAttributes = {
					1863265B2D5B05BB00759DC1 = {
						CreatedOnToolsVersion = 15.4;
					};
				};
			};
			buildConfigurationList = 186326572D5B05BB00759DC1 /* Build configuration list for PBXProject "Goldy" */;
			compatibilityVersion = "Xcode 14.0";
			developmentRegion = en;
			hasScannedForEncodings = 0;
			knownRegions = (
				en,
				Base,
			);
			mainGroup = 186326532D5B05BB00759DC1;
			packageReferences = (
				1857F8352E496C3100B75623 /* XCRemoteSwiftPackageReference "stripe-ios" */,
			);
			productRefGroup = 1863265D2D5B05BB00759DC1 /* Products */;
			projectDirPath = "";
			projectRoot = "";
			targets = (
				1863265B2D5B05BB00759DC1 /* Goldy */,
			);
		};
/* End PBXProject section */

/* Begin PBXResourcesBuildPhase section */
		1863265A2D5B05BB00759DC1 /* Resources */ = {
			isa = PBXResourcesBuildPhase;
			buildActionMask = 2147483647;
			files = (
				18FC98052D737EFC0053CFD3 /* IBMPlexMono-Regular.ttf in Resources */,
				186326682D5B05BC00759DC1 /* Preview Assets.xcassets in Resources */,
				1818BD772DA1FE540078BCAB /* DaysOne-Regular.ttf in Resources */,
				186326642D5B05BC00759DC1 /* Assets.xcassets in Resources */,
				18FC98012D6EE2910053CFD3 /* DelaGothicOne-Regular.ttf in Resources */,
			);
			runOnlyForDeploymentPostprocessing = 0;
		};
/* End PBXResourcesBuildPhase section */

/* Begin PBXSourcesBuildPhase section */
		186326582D5B05BB00759DC1 /* Sources */ = {
			isa = PBXSourcesBuildPhase;
			buildActionMask = 2147483647;
			files = (
				18781B612D73873600EC3178 /* SignupView.swift in Sources */,
				1852A2C82DFF6F500034BC95 /* MakePaymentView.swift in Sources */,
				1852A2DC2E2C57380034BC95 /* StepByStepEscrowView.swift in Sources */,
				181B83E02D79561200C4E576 /* OpenEscrowsView.swift in Sources */,
				181C1B4A2DB0859C00B906B9 /* EscrowDetailView.swift in Sources */,
				18FC98072D7380EC0053CFD3 /* AuthViewModel.swift in Sources */,
				1818BD792DA9F57F0078BCAB /* Escrow.swift in Sources */,
				18FC97FF2D6EE1160053CFD3 /* IntroView.swift in Sources */,
				1852A2D42E135B0D0034BC95 /* EscrowViewModel.swift in Sources */,
				1852A2D62E1DBD8F0034BC95 /* UserSearchViewModel.swift in Sources */,
				1852A2D82E1DBF1A0034BC95 /* UserSearchSheetView.swift in Sources */,
				18781B632D73F87900EC3178 /* SignupViewModel.swift in Sources */,
				18781B682D73F97D00EC3178 /* User.swift in Sources */,
				1852A2CD2E10E6180034BC95 /* AppState.swift in Sources */,
				1852A2CF2E10E6520034BC95 /* RootView.swift in Sources */,
				1809DC2E2DF3EEDD00A1B0AB /* FillOutEscrowView.swift in Sources */,
				18781B6F2D73FD0900EC3178 /* PrimaryActionButton.swift in Sources */,
				181B83E22D795EC100C4E576 /* EscrowCardView.swift in Sources */,
				1852A2DE2E2C67480034BC95 /* ProgressBar.swift in Sources */,
				186326602D5B05BB00759DC1 /* GoldyApp.swift in Sources */,
				1857F84A2E4AA74400B75623 /* EscrowAPIModel.swift in Sources */,
				18FC980B2D7381820053CFD3 /* LoginView.swift in Sources */,
				18781B712D74009E00EC3178 /* PersistentToolbarContainer.swift in Sources */,
				1852A2D22E1358A60034BC95 /* EscrowService.swift in Sources */,
				18FC98032D737DE10053CFD3 /* CreateEscrowView.swift in Sources */,
				1857F84C2E4C05C100B75623 /* EscrowDetailScreen.swift in Sources */,
				1857F8342E496B7600B75623 /* FundEscrowView.swift in Sources */,
				1852A2DA2E1DECDA0034BC95 /* GetStartedView.swift in Sources */,
				18781B732D7400B300EC3178 /* BottomToolbar.swift in Sources */,
				18781B752D74074600EC3178 /* NotchedBarShape.swift in Sources */,
				18781B6D2D73FCF000EC3178 /* AppBackgroundView.swift in Sources */,
				18781B6B2D73F9CA00EC3178 /* LabelTextField.swift in Sources */,
			);
			runOnlyForDeploymentPostprocessing = 0;
		};
/* End PBXSourcesBuildPhase section */

/* Begin XCBuildConfiguration section */
		186326692D5B05BC00759DC1 /* Debug */ = {
			isa = XCBuildConfiguration;
			buildSettings = {
				ALWAYS_SEARCH_USER_PATHS = NO;
				ASSETCATALOG_COMPILER_GENERATE_SWIFT_ASSET_SYMBOL_EXTENSIONS = YES;
				CLANG_ANALYZER_NONNULL = YES;
				CLANG_ANALYZER_NUMBER_OBJECT_CONVERSION = YES_AGGRESSIVE;
				CLANG_CXX_LANGUAGE_STANDARD = "gnu++20";
				CLANG_ENABLE_MODULES = YES;
				CLANG_ENABLE_OBJC_ARC = YES;
				CLANG_ENABLE_OBJC_WEAK = YES;
				CLANG_WARN_BLOCK_CAPTURE_AUTORELEASING = YES;
				CLANG_WARN_BOOL_CONVERSION = YES;
				CLANG_WARN_COMMA = YES;
				CLANG_WARN_CONSTANT_CONVERSION = YES;
				CLANG_WARN_DEPRECATED_OBJC_IMPLEMENTATIONS = YES;
				CLANG_WARN_DIRECT_OBJC_ISA_USAGE = YES_ERROR;
				CLANG_WARN_DOCUMENTATION_COMMENTS = YES;
				CLANG_WARN_EMPTY_BODY = YES;
				CLANG_WARN_ENUM_CONVERSION = YES;
				CLANG_WARN_INFINITE_RECURSION = YES;
				CLANG_WARN_INT_CONVERSION = YES;
				CLANG_WARN_NON_LITERAL_NULL_CONVERSION = YES;
				CLANG_WARN_OBJC_IMPLICIT_RETAIN_SELF = YES;
				CLANG_WARN_OBJC_LITERAL_CONVERSION = YES;
				CLANG_WARN_OBJC_ROOT_CLASS = YES_ERROR;
				CLANG_WARN_QUOTED_INCLUDE_IN_FRAMEWORK_HEADER = YES;
				CLANG_WARN_RANGE_LOOP_ANALYSIS = YES;
				CLANG_WARN_STRICT_PROTOTYPES = YES;
				CLANG_WARN_SUSPICIOUS_MOVE = YES;
				CLANG_WARN_UNGUARDED_AVAILABILITY = YES_AGGRESSIVE;
				CLANG_WARN_UNREACHABLE_CODE = YES;
				CLANG_WARN__DUPLICATE_METHOD_MATCH = YES;
				COPY_PHASE_STRIP = NO;
				DEAD_CODE_STRIPPING = YES;
				DEBUG_INFORMATION_FORMAT = dwarf;
				ENABLE_STRICT_OBJC_MSGSEND = YES;
				ENABLE_TESTABILITY = YES;
				ENABLE_USER_SCRIPT_SANDBOXING = YES;
				GCC_C_LANGUAGE_STANDARD = gnu17;
				GCC_DYNAMIC_NO_PIC = NO;
				GCC_NO_COMMON_BLOCKS = YES;
				GCC_OPTIMIZATION_LEVEL = 0;
				GCC_PREPROCESSOR_DEFINITIONS = (
					"DEBUG=1",
					"$(inherited)",
				);
				GCC_WARN_64_TO_32_BIT_CONVERSION = YES;
				GCC_WARN_ABOUT_RETURN_TYPE = YES_ERROR;
				GCC_WARN_UNDECLARED_SELECTOR = YES;
				GCC_WARN_UNINITIALIZED_AUTOS = YES_AGGRESSIVE;
				GCC_WARN_UNUSED_FUNCTION = YES;
				GCC_WARN_UNUSED_VARIABLE = YES;
				LOCALIZATION_PREFERS_STRING_CATALOGS = YES;
				MTL_ENABLE_DEBUG_INFO = INCLUDE_SOURCE;
				MTL_FAST_MATH = YES;
				ONLY_ACTIVE_ARCH = YES;
				SWIFT_ACTIVE_COMPILATION_CONDITIONS = "DEBUG $(inherited)";
				SWIFT_OPTIMIZATION_LEVEL = "-Onone";
			};
			name = Debug;
		};
		1863266A2D5B05BC00759DC1 /* Release */ = {
			isa = XCBuildConfiguration;
			buildSettings = {
				ALWAYS_SEARCH_USER_PATHS = NO;
				ASSETCATALOG_COMPILER_GENERATE_SWIFT_ASSET_SYMBOL_EXTENSIONS = YES;
				CLANG_ANALYZER_NONNULL = YES;
				CLANG_ANALYZER_NUMBER_OBJECT_CONVERSION = YES_AGGRESSIVE;
				CLANG_CXX_LANGUAGE_STANDARD = "gnu++20";
				CLANG_ENABLE_MODULES = YES;
				CLANG_ENABLE_OBJC_ARC = YES;
				CLANG_ENABLE_OBJC_WEAK = YES;
				CLANG_WARN_BLOCK_CAPTURE_AUTORELEASING = YES;
				CLANG_WARN_BOOL_CONVERSION = YES;
				CLANG_WARN_COMMA = YES;
				CLANG_WARN_CONSTANT_CONVERSION = YES;
				CLANG_WARN_DEPRECATED_OBJC_IMPLEMENTATIONS = YES;
				CLANG_WARN_DIRECT_OBJC_ISA_USAGE = YES_ERROR;
				CLANG_WARN_DOCUMENTATION_COMMENTS = YES;
				CLANG_WARN_EMPTY_BODY = YES;
				CLANG_WARN_ENUM_CONVERSION = YES;
				CLANG_WARN_INFINITE_RECURSION = YES;
				CLANG_WARN_INT_CONVERSION = YES;
				CLANG_WARN_NON_LITERAL_NULL_CONVERSION = YES;
				CLANG_WARN_OBJC_IMPLICIT_RETAIN_SELF = YES;
				CLANG_WARN_OBJC_LITERAL_CONVERSION = YES;
				CLANG_WARN_OBJC_ROOT_CLASS = YES_ERROR;
				CLANG_WARN_QUOTED_INCLUDE_IN_FRAMEWORK_HEADER = YES;
				CLANG_WARN_RANGE_LOOP_ANALYSIS = YES;
				CLANG_WARN_STRICT_PROTOTYPES = YES;
				CLANG_WARN_SUSPICIOUS_MOVE = YES;
				CLANG_WARN_UNGUARDED_AVAILABILITY = YES_AGGRESSIVE;
				CLANG_WARN_UNREACHABLE_CODE = YES;
				CLANG_WARN__DUPLICATE_METHOD_MATCH = YES;
				COPY_PHASE_STRIP = NO;
				DEAD_CODE_STRIPPING = YES;
				DEBUG_INFORMATION_FORMAT = "dwarf-with-dsym";
				ENABLE_NS_ASSERTIONS = NO;
				ENABLE_STRICT_OBJC_MSGSEND = YES;
				ENABLE_USER_SCRIPT_SANDBOXING = YES;
				GCC_C_LANGUAGE_STANDARD = gnu17;
				GCC_NO_COMMON_BLOCKS = YES;
				GCC_WARN_64_TO_32_BIT_CONVERSION = YES;
				GCC_WARN_ABOUT_RETURN_TYPE = YES_ERROR;
				GCC_WARN_UNDECLARED_SELECTOR = YES;
				GCC_WARN_UNINITIALIZED_AUTOS = YES_AGGRESSIVE;
				GCC_WARN_UNUSED_FUNCTION = YES;
				GCC_WARN_UNUSED_VARIABLE = YES;
				LOCALIZATION_PREFERS_STRING_CATALOGS = YES;
				MTL_ENABLE_DEBUG_INFO = NO;
				MTL_FAST_MATH = YES;
				SWIFT_COMPILATION_MODE = wholemodule;
			};
			name = Release;
		};
		1863266C2D5B05BC00759DC1 /* Debug */ = {
			isa = XCBuildConfiguration;
			buildSettings = {
				ASSETCATALOG_COMPILER_APPICON_NAME = AppIcon;
				ASSETCATALOG_COMPILER_GLOBAL_ACCENT_COLOR_NAME = AccentColor;
				CODE_SIGN_ENTITLEMENTS = Goldy/Goldy.entitlements;
				CODE_SIGN_STYLE = Automatic;
				CURRENT_PROJECT_VERSION = 1;
				DEAD_CODE_STRIPPING = YES;
				DEVELOPMENT_ASSET_PATHS = "\"Goldy/Preview Content\"";
				DEVELOPMENT_TEAM = 24S36Y3GNV;
				ENABLE_HARDENED_RUNTIME = YES;
				ENABLE_PREVIEWS = YES;
				GENERATE_INFOPLIST_FILE = YES;
				INFOPLIST_FILE = Goldy/Info.plist;
				"INFOPLIST_KEY_UIApplicationSceneManifest_Generation[sdk=iphoneos*]" = YES;
				"INFOPLIST_KEY_UIApplicationSceneManifest_Generation[sdk=iphonesimulator*]" = YES;
				"INFOPLIST_KEY_UIApplicationSupportsIndirectInputEvents[sdk=iphoneos*]" = YES;
				"INFOPLIST_KEY_UIApplicationSupportsIndirectInputEvents[sdk=iphonesimulator*]" = YES;
				"INFOPLIST_KEY_UILaunchScreen_Generation[sdk=iphoneos*]" = YES;
				"INFOPLIST_KEY_UILaunchScreen_Generation[sdk=iphonesimulator*]" = YES;
				"INFOPLIST_KEY_UIStatusBarStyle[sdk=iphoneos*]" = UIStatusBarStyleDefault;
				"INFOPLIST_KEY_UIStatusBarStyle[sdk=iphonesimulator*]" = UIStatusBarStyleDefault;
				INFOPLIST_KEY_UISupportedInterfaceOrientations_iPad = "UIInterfaceOrientationPortrait UIInterfaceOrientationPortraitUpsideDown UIInterfaceOrientationLandscapeLeft UIInterfaceOrientationLandscapeRight";
				INFOPLIST_KEY_UISupportedInterfaceOrientations_iPhone = "UIInterfaceOrientationPortrait UIInterfaceOrientationLandscapeLeft UIInterfaceOrientationLandscapeRight";
				IPHONEOS_DEPLOYMENT_TARGET = 17.5;
				LD_RUNPATH_SEARCH_PATHS = "@executable_path/Frameworks";
				"LD_RUNPATH_SEARCH_PATHS[sdk=macosx*]" = "@executable_path/../Frameworks";
				MACOSX_DEPLOYMENT_TARGET = 14.2;
				MARKETING_VERSION = 1.0;
				PRODUCT_BUNDLE_IDENTIFIER = com.blair.myers.Goldy;
				PRODUCT_NAME = "$(TARGET_NAME)";
				SDKROOT = auto;
				SUPPORTED_PLATFORMS = "iphoneos iphonesimulator macosx";
				SWIFT_EMIT_LOC_STRINGS = YES;
				SWIFT_VERSION = 5.0;
				TARGETED_DEVICE_FAMILY = "1,2";
			};
			name = Debug;
		};
		1863266D2D5B05BC00759DC1 /* Release */ = {
			isa = XCBuildConfiguration;
			buildSettings = {
				ASSETCATALOG_COMPILER_APPICON_NAME = AppIcon;
				ASSETCATALOG_COMPILER_GLOBAL_ACCENT_COLOR_NAME = AccentColor;
				CODE_SIGN_ENTITLEMENTS = Goldy/Goldy.entitlements;
				CODE_SIGN_STYLE = Automatic;
				CURRENT_PROJECT_VERSION = 1;
				DEAD_CODE_STRIPPING = YES;
				DEVELOPMENT_ASSET_PATHS = "\"Goldy/Preview Content\"";
				DEVELOPMENT_TEAM = 24S36Y3GNV;
				ENABLE_HARDENED_RUNTIME = YES;
				ENABLE_PREVIEWS = YES;
				GENERATE_INFOPLIST_FILE = YES;
				INFOPLIST_FILE = Goldy/Info.plist;
				"INFOPLIST_KEY_UIApplicationSceneManifest_Generation[sdk=iphoneos*]" = YES;
				"INFOPLIST_KEY_UIApplicationSceneManifest_Generation[sdk=iphonesimulator*]" = YES;
				"INFOPLIST_KEY_UIApplicationSupportsIndirectInputEvents[sdk=iphoneos*]" = YES;
				"INFOPLIST_KEY_UIApplicationSupportsIndirectInputEvents[sdk=iphonesimulator*]" = YES;
				"INFOPLIST_KEY_UILaunchScreen_Generation[sdk=iphoneos*]" = YES;
				"INFOPLIST_KEY_UILaunchScreen_Generation[sdk=iphonesimulator*]" = YES;
				"INFOPLIST_KEY_UIStatusBarStyle[sdk=iphoneos*]" = UIStatusBarStyleDefault;
				"INFOPLIST_KEY_UIStatusBarStyle[sdk=iphonesimulator*]" = UIStatusBarStyleDefault;
				INFOPLIST_KEY_UISupportedInterfaceOrientations_iPad = "UIInterfaceOrientationPortrait UIInterfaceOrientationPortraitUpsideDown UIInterfaceOrientationLandscapeLeft UIInterfaceOrientationLandscapeRight";
				INFOPLIST_KEY_UISupportedInterfaceOrientations_iPhone = "UIInterfaceOrientationPortrait UIInterfaceOrientationLandscapeLeft UIInterfaceOrientationLandscapeRight";
				IPHONEOS_DEPLOYMENT_TARGET = 17.5;
				LD_RUNPATH_SEARCH_PATHS = "@executable_path/Frameworks";
				"LD_RUNPATH_SEARCH_PATHS[sdk=macosx*]" = "@executable_path/../Frameworks";
				MACOSX_DEPLOYMENT_TARGET = 14.2;
				MARKETING_VERSION = 1.0;
				PRODUCT_BUNDLE_IDENTIFIER = com.blair.myers.Goldy;
				PRODUCT_NAME = "$(TARGET_NAME)";
				SDKROOT = auto;
				SUPPORTED_PLATFORMS = "iphoneos iphonesimulator macosx";
				SWIFT_EMIT_LOC_STRINGS = YES;
				SWIFT_VERSION = 5.0;
				TARGETED_DEVICE_FAMILY = "1,2";
			};
			name = Release;
		};
/* End XCBuildConfiguration section */

/* Begin XCConfigurationList section */
		186326572D5B05BB00759DC1 /* Build configuration list for PBXProject "Goldy" */ = {
			isa = XCConfigurationList;
			buildConfigurations = (
				186326692D5B05BC00759DC1 /* Debug */,
				1863266A2D5B05BC00759DC1 /* Release */,
			);
			defaultConfigurationIsVisible = 0;
			defaultConfigurationName = Release;
		};
		1863266B2D5B05BC00759DC1 /* Build configuration list for PBXNativeTarget "Goldy" */ = {
			isa = XCConfigurationList;
			buildConfigurations = (
				1863266C2D5B05BC00759DC1 /* Debug */,
				1863266D2D5B05BC00759DC1 /* Release */,
			);
			defaultConfigurationIsVisible = 0;
			defaultConfigurationName = Release;
		};
/* End XCConfigurationList section */

/* Begin XCRemoteSwiftPackageReference section */
		1857F8352E496C3100B75623 /* XCRemoteSwiftPackageReference "stripe-ios" */ = {
			isa = XCRemoteSwiftPackageReference;
			repositoryURL = "https://github.com/stripe/stripe-ios";
			requirement = {
				kind = upToNextMajorVersion;
				minimumVersion = 24.19.0;
			};
		};
/* End XCRemoteSwiftPackageReference section */

/* Begin XCSwiftPackageProductDependency section */
		1857F8372E496E7800B75623 /* Stripe */ = {
			isa = XCSwiftPackageProductDependency;
			package = 1857F8352E496C3100B75623 /* XCRemoteSwiftPackageReference "stripe-ios" */;
			productName = Stripe;
		};
		1857F8392E496E7800B75623 /* StripeApplePay */ = {
			isa = XCSwiftPackageProductDependency;
			package = 1857F8352E496C3100B75623 /* XCRemoteSwiftPackageReference "stripe-ios" */;
			productName = StripeApplePay;
		};
		1857F83B2E496E7800B75623 /* StripeCardScan */ = {
			isa = XCSwiftPackageProductDependency;
			package = 1857F8352E496C3100B75623 /* XCRemoteSwiftPackageReference "stripe-ios" */;
			productName = StripeCardScan;
		};
		1857F83D2E496E7800B75623 /* StripeConnect */ = {
			isa = XCSwiftPackageProductDependency;
			package = 1857F8352E496C3100B75623 /* XCRemoteSwiftPackageReference "stripe-ios" */;
			productName = StripeConnect;
		};
		1857F83F2E496E7800B75623 /* StripeFinancialConnections */ = {
			isa = XCSwiftPackageProductDependency;
			package = 1857F8352E496C3100B75623 /* XCRemoteSwiftPackageReference "stripe-ios" */;
			productName = StripeFinancialConnections;
		};
		1857F8412E496E7800B75623 /* StripeIdentity */ = {
			isa = XCSwiftPackageProductDependency;
			package = 1857F8352E496C3100B75623 /* XCRemoteSwiftPackageReference "stripe-ios" */;
			productName = StripeIdentity;
		};
		1857F8432E496E7800B75623 /* StripePayments */ = {
			isa = XCSwiftPackageProductDependency;
			package = 1857F8352E496C3100B75623 /* XCRemoteSwiftPackageReference "stripe-ios" */;
			productName = StripePayments;
		};
		1857F8452E496E7800B75623 /* StripePaymentSheet */ = {
			isa = XCSwiftPackageProductDependency;
			package = 1857F8352E496C3100B75623 /* XCRemoteSwiftPackageReference "stripe-ios" */;
			productName = StripePaymentSheet;
		};
		1857F8472E496E7800B75623 /* StripePaymentsUI */ = {
			isa = XCSwiftPackageProductDependency;
			package = 1857F8352E496C3100B75623 /* XCRemoteSwiftPackageReference "stripe-ios" */;
			productName = StripePaymentsUI;
		};
/* End XCSwiftPackageProductDependency section */
	};
	rootObject = 186326542D5B05BB00759DC1 /* Project object */;
}
