// !$*UTF8*$!
{
	archiveVersion = 1;
	classes = {
	};
	objectVersion = 56;
	objects = {

/* Begin PBXBuildFile section */
		1818BD772DA1FE540078BCAB /* DaysOne-Regular.ttf in Resources */ = {isa = PBXBuildFile; fileRef = 1818BD762DA1FE540078BCAB /* DaysOne-Regular.ttf */; };
		1857F8382E496E7800B75623 /* Stripe in Frameworks */ = {isa = PBXBuildFile; productRef = 1857F8372E496E7800B75623 /* Stripe */; };
		1857F83A2E496E7800B75623 /* StripeApplePay in Frameworks */ = {isa = PBXBuildFile; productRef = 1857F8392E496E7800B75623 /* StripeApplePay */; };
		1857F83C2E496E7800B75623 /* StripeCardScan in Frameworks */ = {isa = PBXBuildFile; productRef = 1857F83B2E496E7800B75623 /* StripeCardScan */; };
		1857F83E2E496E7800B75623 /* StripeConnect in Frameworks */ = {isa = PBXBuildFile; productRef = 1857F83D2E496E7800B75623 /* StripeConnect */; };
		1857F8402E496E7800B75623 /* StripeFinancialConnections in Frameworks */ = {isa = PBXBuildFile; productRef = 1857F83F2E496E7800B75623 /* StripeFinancialConnections */; };
		1857F8422E496E7800B75623 /* StripeIdentity in Frameworks */ = {isa = PBXBuildFile; productRef = 1857F8412E496E7800B75623 /* StripeIdentity */; };
		1857F8442E496E7800B75623 /* StripePayments in Frameworks */ = {isa = PBXBuildFile; productRef = 1857F8432E496E7800B75623 /* StripePayments */; };
		1857F8462E496E7800B75623 /* StripePaymentSheet in Frameworks */ = {isa = PBXBuildFile; productRef = 1857F8452E496E7800B75623 /* StripePaymentSheet */; };
		1857F8482E496E7800B75623 /* StripePaymentsUI in Frameworks */ = {isa = PBXBuildFile; productRef = 1857F8472E496E7800B75623 /* StripePaymentsUI */; };
		186326642D5B05BC00759DC1 /* Assets.xcassets in Resources */ = {isa = PBXBuildFile; fileRef = 186326632D5B05BC00759DC1 /* Assets.xcassets */; };
		186326682D5B05BC00759DC1 /* Preview Assets.xcassets in Resources */ = {isa = PBXBuildFile; fileRef = 186326672D5B05BC00759DC1 /* Preview Assets.xcassets */; };
		187B1BDA2EC034930090DE18 /* Color+Extensions.swift in Sources */ = {isa = PBXBuildFile; fileRef = 187B1BD82EC034930090DE18 /* Color+Extensions.swift */; };
		187B1BDE2EC034960090DE18 /* APIService.swift in Sources */ = {isa = PBXBuildFile; fileRef = 187B1BDB2EC034960090DE18 /* APIService.swift */; };
		187B1BE32EC0349A0090DE18 /* AppState.swift in Sources */ = {isa = PBXBuildFile; fileRef = 187B1BE02EC0349A0090DE18 /* AppState.swift */; };
		187B1BE42EC0349A0090DE18 /* GoldyApp.swift in Sources */ = {isa = PBXBuildFile; fileRef = 187B1BE12EC0349A0090DE18 /* GoldyApp.swift */; };
		187B1BE72EC0349D0090DE18 /* IntroView.swift in Sources */ = {isa = PBXBuildFile; fileRef = 187B1BE52EC0349D0090DE18 /* IntroView.swift */; };
		187B1BEF2EC034A00090DE18 /* AppBackgroundView.swift in Sources */ = {isa = PBXBuildFile; fileRef = 187B1BE82EC034A00090DE18 /* AppBackgroundView.swift */; };
		187B1BF12EC034A00090DE18 /* LabelTextField.swift in Sources */ = {isa = PBXBuildFile; fileRef = 187B1BEA2EC034A00090DE18 /* LabelTextField.swift */; };
		187B1BF42EC034A00090DE18 /* PrimaryActionButton.swift in Sources */ = {isa = PBXBuildFile; fileRef = 187B1BED2EC034A00090DE18 /* PrimaryActionButton.swift */; };
		187B1BFB2EC034A20090DE18 /* User.swift in Sources */ = {isa = PBXBuildFile; fileRef = 187B1BF72EC034A20090DE18 /* User.swift */; };
		187B1C022EC034A50090DE18 /* AuthViewModel.swift in Sources */ = {isa = PBXBuildFile; fileRef = 187B1BFC2EC034A50090DE18 /* AuthViewModel.swift */; };
		187B1C042EC034A50090DE18 /* SignupViewModel.swift in Sources */ = {isa = PBXBuildFile; fileRef = 187B1BFE2EC034A50090DE18 /* SignupViewModel.swift */; };
		187B1C052EC034A50090DE18 /* UserSearchViewModel.swift in Sources */ = {isa = PBXBuildFile; fileRef = 187B1BFF2EC034A50090DE18 /* UserSearchViewModel.swift */; };
		187B1C062EC034A50090DE18 /* VendorOnboardingViewModel.swift in Sources */ = {isa = PBXBuildFile; fileRef = 187B1C002EC034A50090DE18 /* VendorOnboardingViewModel.swift */; };
		187B1C212EC034A70090DE18 /* LoginView.swift in Sources */ = {isa = PBXBuildFile; fileRef = 187B1C072EC034A70090DE18 /* LoginView.swift */; };
		187B1C222EC034A70090DE18 /* SignupView.swift in Sources */ = {isa = PBXBuildFile; fileRef = 187B1C082EC034A70090DE18 /* SignupView.swift */; };
		187B1C232EC034A70090DE18 /* CustomerTabView.swift in Sources */ = {isa = PBXBuildFile; fileRef = 187B1C0A2EC034A70090DE18 /* CustomerTabView.swift */; };
		187B1C242EC034A70090DE18 /* RootView.swift in Sources */ = {isa = PBXBuildFile; fileRef = 187B1C0B2EC034A70090DE18 /* RootView.swift */; };
		187B1C252EC034A70090DE18 /* VendorTabView.swift in Sources */ = {isa = PBXBuildFile; fileRef = 187B1C0C2EC034A70090DE18 /* VendorTabView.swift */; };
		187B1C262EC034A70090DE18 /* VendorOnboardingView.swift in Sources */ = {isa = PBXBuildFile; fileRef = 187B1C0E2EC034A70090DE18 /* VendorOnboardingView.swift */; };
		187B1C272EC034A70090DE18 /* VendorQuickProfileView.swift in Sources */ = {isa = PBXBuildFile; fileRef = 187B1C0F2EC034A70090DE18 /* VendorQuickProfileView.swift */; };
		187B1C282EC034A70090DE18 /* VendorWelcomeView.swift in Sources */ = {isa = PBXBuildFile; fileRef = 187B1C102EC034A70090DE18 /* VendorWelcomeView.swift */; };
		187B1C2B2EC034A70090DE18 /* EscrowCardView.swift in Sources */ = {isa = PBXBuildFile; fileRef = 187B1C142EC034A70090DE18 /* EscrowCardView.swift */; };
		187B1C2E2EC034A70090DE18 /* EscrowFundCard.swift in Sources */ = {isa = PBXBuildFile; fileRef = 187B1C172EC034A70090DE18 /* EscrowFundCard.swift */; };
		187B1C2F2EC034A70090DE18 /* FundEscrowView.swift in Sources */ = {isa = PBXBuildFile; fileRef = 187B1C182EC034A70090DE18 /* FundEscrowView.swift */; };
		187B1C312EC034A70090DE18 /* MakePaymentView.swift in Sources */ = {isa = PBXBuildFile; fileRef = 187B1C1A2EC034A70090DE18 /* MakePaymentView.swift */; };
		187B1C322EC034A70090DE18 /* OpenEscrowsView.swift in Sources */ = {isa = PBXBuildFile; fileRef = 187B1C1B2EC034A70090DE18 /* OpenEscrowsView.swift */; };
		187B1C332EC034A70090DE18 /* PartySelectionView.swift in Sources */ = {isa = PBXBuildFile; fileRef = 187B1C1C2EC034A70090DE18 /* PartySelectionView.swift */; };
		187B1C342EC034A70090DE18 /* ProgressBar.swift in Sources */ = {isa = PBXBuildFile; fileRef = 187B1C1D2EC034A70090DE18 /* ProgressBar.swift */; };
		187B1C362EC034A70090DE18 /* UserSearchSheetView.swift in Sources */ = {isa = PBXBuildFile; fileRef = 187B1C1F2EC034A70090DE18 /* UserSearchSheetView.swift */; };
		187B1C392EC035840090DE18 /* ProjectsView.swift in Sources */ = {isa = PBXBuildFile; fileRef = 187B1C382EC035810090DE18 /* ProjectsView.swift */; };
		187B1C3C2EC035A00090DE18 /* DiscoverView.swift in Sources */ = {isa = PBXBuildFile; fileRef = 187B1C3B2EC0359B0090DE18 /* DiscoverView.swift */; };
		187B1C3F2EC035BC0090DE18 /* MessagesView.swift in Sources */ = {isa = PBXBuildFile; fileRef = 187B1C3E2EC035BA0090DE18 /* MessagesView.swift */; };
		187B1C422EC036990090DE18 /* ProfileViewOld.swift in Sources */ = {isa = PBXBuildFile; fileRef = 187B1C412EC036970090DE18 /* ProfileViewOld.swift */; };
		187B1C442EC036F60090DE18 /* RPFsView.swift in Sources */ = {isa = PBXBuildFile; fileRef = 187B1C432EC036EE0090DE18 /* RPFsView.swift */; };
		187B1C472ECBD2790090DE18 /* ProjectsViewModel.swift in Sources */ = {isa = PBXBuildFile; fileRef = 187B1C462ECBD2740090DE18 /* ProjectsViewModel.swift */; };
		187B1C492ECBD31C0090DE18 /* Project.swift in Sources */ = {isa = PBXBuildFile; fileRef = 187B1C482ECBD3150090DE18 /* Project.swift */; };
		187B1C4B2ECBD3CE0090DE18 /* ProjectsResponse.swift in Sources */ = {isa = PBXBuildFile; fileRef = 187B1C4A2ECBD3CB0090DE18 /* ProjectsResponse.swift */; };
		187B1C4E2ECFBA880090DE18 /* CreateProjectView.swift in Sources */ = {isa = PBXBuildFile; fileRef = 187B1C4D2ECFBA7E0090DE18 /* CreateProjectView.swift */; };
		187B1C502ED65CDB0090DE18 /* ProjectDetailView.swift in Sources */ = {isa = PBXBuildFile; fileRef = 187B1C4F2ED65CD60090DE18 /* ProjectDetailView.swift */; };
		187B1C522ED65F200090DE18 /* AddVendorView.swift in Sources */ = {isa = PBXBuildFile; fileRef = 187B1C512ED65F1C0090DE18 /* AddVendorView.swift */; };
		187B1C562ED65F4C0090DE18 /* AddVendorViewModel.swift in Sources */ = {isa = PBXBuildFile; fileRef = 187B1C552ED65F480090DE18 /* AddVendorViewModel.swift */; };
		187B1C582ED661EB0090DE18 /* ProjectDetailViewModel.swift in Sources */ = {isa = PBXBuildFile; fileRef = 187B1C572ED661E70090DE18 /* ProjectDetailViewModel.swift */; };
		187B1C5A2ED6664D0090DE18 /* VendorDetailViewModel.swift in Sources */ = {isa = PBXBuildFile; fileRef = 187B1C592ED666490090DE18 /* VendorDetailViewModel.swift */; };
		187B1C5C2ED6666E0090DE18 /* VendorDetailView.swift in Sources */ = {isa = PBXBuildFile; fileRef = 187B1C5B2ED6666B0090DE18 /* VendorDetailView.swift */; };
		187B1C5E2EDA11B80090DE18 /* ProfileView.swift in Sources */ = {isa = PBXBuildFile; fileRef = 187B1C5D2EDA11B50090DE18 /* ProfileView.swift */; };
		187B1C622EDA4CAB0090DE18 /* RFPDetailViewModel.swift in Sources */ = {isa = PBXBuildFile; fileRef = 187B1C612EDA4CA70090DE18 /* RFPDetailViewModel.swift */; };
		187B1C652EDA4E610090DE18 /* RFPListView.swift in Sources */ = {isa = PBXBuildFile; fileRef = 187B1C642EDA4E5F0090DE18 /* RFPListView.swift */; };
		187B1C672EDA4E7C0090DE18 /* RFPDetailView.swift in Sources */ = {isa = PBXBuildFile; fileRef = 187B1C662EDA4E790090DE18 /* RFPDetailView.swift */; };
		187B1C692EDA4ECB0090DE18 /* CreateRFPView.swift in Sources */ = {isa = PBXBuildFile; fileRef = 187B1C682EDA4EC70090DE18 /* CreateRFPView.swift */; };
		187B1C6B2EDA4EF30090DE18 /* CreateRFPViewModel.swift in Sources */ = {isa = PBXBuildFile; fileRef = 187B1C6A2EDA4EEF0090DE18 /* CreateRFPViewModel.swift */; };
		187B1C6D2EDA4F110090DE18 /* RFPListViewModel.swift in Sources */ = {isa = PBXBuildFile; fileRef = 187B1C6C2EDA4F0E0090DE18 /* RFPListViewModel.swift */; };
		187B1C6F2EDA4FA30090DE18 /* RFPModel.swift in Sources */ = {isa = PBXBuildFile; fileRef = 187B1C6E2EDA4FA10090DE18 /* RFPModel.swift */; };
		187B1C722EDCF5B70090DE18 /* VendorMyBidsView.swift in Sources */ = {isa = PBXBuildFile; fileRef = 187B1C712EDCF5AD0090DE18 /* VendorMyBidsView.swift */; };
		187B1C762EDCF5F70090DE18 /* VendorDiscoverView.swift in Sources */ = {isa = PBXBuildFile; fileRef = 187B1C752EDCF5F30090DE18 /* VendorDiscoverView.swift */; };
		187B1C782EDCF6670090DE18 /* VendorRFPBrowseView.swift in Sources */ = {isa = PBXBuildFile; fileRef = 187B1C772EDCF6620090DE18 /* VendorRFPBrowseView.swift */; };
		18FC98012D6EE2910053CFD3 /* DelaGothicOne-Regular.ttf in Resources */ = {isa = PBXBuildFile; fileRef = 18FC98002D6EE2910053CFD3 /* DelaGothicOne-Regular.ttf */; };
		18FC98052D737EFC0053CFD3 /* IBMPlexMono-Regular.ttf in Resources */ = {isa = PBXBuildFile; fileRef = 18FC98042D737EFC0053CFD3 /* IBMPlexMono-Regular.ttf */; };
/* End PBXBuildFile section */

/* Begin PBXFileReference section */
		1818BD762DA1FE540078BCAB /* DaysOne-Regular.ttf */ = {isa = PBXFileReference; lastKnownFileType = file; path = "DaysOne-Regular.ttf"; sourceTree = "<group>"; };
		1863265C2D5B05BB00759DC1 /* Goldy.app */ = {isa = PBXFileReference; explicitFileType = wrapper.application; includeInIndex = 0; path = Goldy.app; sourceTree = BUILT_PRODUCTS_DIR; };
		186326632D5B05BC00759DC1 /* Assets.xcassets */ = {isa = PBXFileReference; lastKnownFileType = folder.assetcatalog; path = Assets.xcassets; sourceTree = "<group>"; };
		186326652D5B05BC00759DC1 /* Goldy.entitlements */ = {isa = PBXFileReference; lastKnownFileType = text.plist.entitlements; path = Goldy.entitlements; sourceTree = "<group>"; };
		186326672D5B05BC00759DC1 /* Preview Assets.xcassets */ = {isa = PBXFileReference; lastKnownFileType = folder.assetcatalog; path = "Preview Assets.xcassets"; sourceTree = "<group>"; };
		187B1BD82EC034930090DE18 /* Color+Extensions.swift */ = {isa = PBXFileReference; lastKnownFileType = sourcecode.swift; path = "Color+Extensions.swift"; sourceTree = "<group>"; };
		187B1BDB2EC034960090DE18 /* APIService.swift */ = {isa = PBXFileReference; lastKnownFileType = sourcecode.swift; path = APIService.swift; sourceTree = "<group>"; };
		187B1BE02EC0349A0090DE18 /* AppState.swift */ = {isa = PBXFileReference; lastKnownFileType = sourcecode.swift; path = AppState.swift; sourceTree = "<group>"; };
		187B1BE12EC0349A0090DE18 /* GoldyApp.swift */ = {isa = PBXFileReference; lastKnownFileType = sourcecode.swift; path = GoldyApp.swift; sourceTree = "<group>"; };
		187B1BE52EC0349D0090DE18 /* IntroView.swift */ = {isa = PBXFileReference; lastKnownFileType = sourcecode.swift; path = IntroView.swift; sourceTree = "<group>"; };
		187B1BE82EC034A00090DE18 /* AppBackgroundView.swift */ = {isa = PBXFileReference; lastKnownFileType = sourcecode.swift; path = AppBackgroundView.swift; sourceTree = "<group>"; };
		187B1BEA2EC034A00090DE18 /* LabelTextField.swift */ = {isa = PBXFileReference; lastKnownFileType = sourcecode.swift; path = LabelTextField.swift; sourceTree = "<group>"; };
		187B1BED2EC034A00090DE18 /* PrimaryActionButton.swift */ = {isa = PBXFileReference; lastKnownFileType = sourcecode.swift; path = PrimaryActionButton.swift; sourceTree = "<group>"; };
		187B1BF72EC034A20090DE18 /* User.swift */ = {isa = PBXFileReference; lastKnownFileType = sourcecode.swift; path = User.swift; sourceTree = "<group>"; };
		187B1BFC2EC034A50090DE18 /* AuthViewModel.swift */ = {isa = PBXFileReference; lastKnownFileType = sourcecode.swift; path = AuthViewModel.swift; sourceTree = "<group>"; };
		187B1BFE2EC034A50090DE18 /* SignupViewModel.swift */ = {isa = PBXFileReference; lastKnownFileType = sourcecode.swift; path = SignupViewModel.swift; sourceTree = "<group>"; };
		187B1BFF2EC034A50090DE18 /* UserSearchViewModel.swift */ = {isa = PBXFileReference; lastKnownFileType = sourcecode.swift; path = UserSearchViewModel.swift; sourceTree = "<group>"; };
		187B1C002EC034A50090DE18 /* VendorOnboardingViewModel.swift */ = {isa = PBXFileReference; lastKnownFileType = sourcecode.swift; path = VendorOnboardingViewModel.swift; sourceTree = "<group>"; };
		187B1C072EC034A70090DE18 /* LoginView.swift */ = {isa = PBXFileReference; lastKnownFileType = sourcecode.swift; path = LoginView.swift; sourceTree = "<group>"; };
		187B1C082EC034A70090DE18 /* SignupView.swift */ = {isa = PBXFileReference; lastKnownFileType = sourcecode.swift; path = SignupView.swift; sourceTree = "<group>"; };
		187B1C0A2EC034A70090DE18 /* CustomerTabView.swift */ = {isa = PBXFileReference; lastKnownFileType = sourcecode.swift; path = CustomerTabView.swift; sourceTree = "<group>"; };
		187B1C0B2EC034A70090DE18 /* RootView.swift */ = {isa = PBXFileReference; lastKnownFileType = sourcecode.swift; path = RootView.swift; sourceTree = "<group>"; };
		187B1C0C2EC034A70090DE18 /* VendorTabView.swift */ = {isa = PBXFileReference; lastKnownFileType = sourcecode.swift; path = VendorTabView.swift; sourceTree = "<group>"; };
		187B1C0E2EC034A70090DE18 /* VendorOnboardingView.swift */ = {isa = PBXFileReference; lastKnownFileType = sourcecode.swift; path = VendorOnboardingView.swift; sourceTree = "<group>"; };
		187B1C0F2EC034A70090DE18 /* VendorQuickProfileView.swift */ = {isa = PBXFileReference; lastKnownFileType = sourcecode.swift; path = VendorQuickProfileView.swift; sourceTree = "<group>"; };
		187B1C102EC034A70090DE18 /* VendorWelcomeView.swift */ = {isa = PBXFileReference; lastKnownFileType = sourcecode.swift; path = VendorWelcomeView.swift; sourceTree = "<group>"; };
		187B1C142EC034A70090DE18 /* EscrowCardView.swift */ = {isa = PBXFileReference; lastKnownFileType = sourcecode.swift; path = EscrowCardView.swift; sourceTree = "<group>"; };
		187B1C172EC034A70090DE18 /* EscrowFundCard.swift */ = {isa = PBXFileReference; lastKnownFileType = sourcecode.swift; path = EscrowFundCard.swift; sourceTree = "<group>"; };
		187B1C182EC034A70090DE18 /* FundEscrowView.swift */ = {isa = PBXFileReference; lastKnownFileType = sourcecode.swift; path = FundEscrowView.swift; sourceTree = "<group>"; };
		187B1C1A2EC034A70090DE18 /* MakePaymentView.swift */ = {isa = PBXFileReference; lastKnownFileType = sourcecode.swift; path = MakePaymentView.swift; sourceTree = "<group>"; };
		187B1C1B2EC034A70090DE18 /* OpenEscrowsView.swift */ = {isa = PBXFileReference; lastKnownFileType = sourcecode.swift; path = OpenEscrowsView.swift; sourceTree = "<group>"; };
		187B1C1C2EC034A70090DE18 /* PartySelectionView.swift */ = {isa = PBXFileReference; lastKnownFileType = sourcecode.swift; path = PartySelectionView.swift; sourceTree = "<group>"; };
		187B1C1D2EC034A70090DE18 /* ProgressBar.swift */ = {isa = PBXFileReference; lastKnownFileType = sourcecode.swift; path = ProgressBar.swift; sourceTree = "<group>"; };
		187B1C1F2EC034A70090DE18 /* UserSearchSheetView.swift */ = {isa = PBXFileReference; lastKnownFileType = sourcecode.swift; path = UserSearchSheetView.swift; sourceTree = "<group>"; };
		187B1C382EC035810090DE18 /* ProjectsView.swift */ = {isa = PBXFileReference; lastKnownFileType = sourcecode.swift; path = ProjectsView.swift; sourceTree = "<group>"; };
		187B1C3B2EC0359B0090DE18 /* DiscoverView.swift */ = {isa = PBXFileReference; lastKnownFileType = sourcecode.swift; path = DiscoverView.swift; sourceTree = "<group>"; };
		187B1C3E2EC035BA0090DE18 /* MessagesView.swift */ = {isa = PBXFileReference; lastKnownFileType = sourcecode.swift; path = MessagesView.swift; sourceTree = "<group>"; };
		187B1C412EC036970090DE18 /* ProfileViewOld.swift */ = {isa = PBXFileReference; lastKnownFileType = sourcecode.swift; path = ProfileViewOld.swift; sourceTree = "<group>"; };
		187B1C432EC036EE0090DE18 /* RPFsView.swift */ = {isa = PBXFileReference; lastKnownFileType = sourcecode.swift; path = RPFsView.swift; sourceTree = "<group>"; };
		187B1C462ECBD2740090DE18 /* ProjectsViewModel.swift */ = {isa = PBXFileReference; lastKnownFileType = sourcecode.swift; path = ProjectsViewModel.swift; sourceTree = "<group>"; };
		187B1C482ECBD3150090DE18 /* Project.swift */ = {isa = PBXFileReference; lastKnownFileType = sourcecode.swift; path = Project.swift; sourceTree = "<group>"; };
		187B1C4A2ECBD3CB0090DE18 /* ProjectsResponse.swift */ = {isa = PBXFileReference; lastKnownFileType = sourcecode.swift; path = ProjectsResponse.swift; sourceTree = "<group>"; };
		187B1C4D2ECFBA7E0090DE18 /* CreateProjectView.swift */ = {isa = PBXFileReference; lastKnownFileType = sourcecode.swift; path = CreateProjectView.swift; sourceTree = "<group>"; };
		187B1C4F2ED65CD60090DE18 /* ProjectDetailView.swift */ = {isa = PBXFileReference; lastKnownFileType = sourcecode.swift; path = ProjectDetailView.swift; sourceTree = "<group>"; };
		187B1C512ED65F1C0090DE18 /* AddVendorView.swift */ = {isa = PBXFileReference; lastKnownFileType = sourcecode.swift; path = AddVendorView.swift; sourceTree = "<group>"; };
		187B1C552ED65F480090DE18 /* AddVendorViewModel.swift */ = {isa = PBXFileReference; lastKnownFileType = sourcecode.swift; path = AddVendorViewModel.swift; sourceTree = "<group>"; };
		187B1C572ED661E70090DE18 /* ProjectDetailViewModel.swift */ = {isa = PBXFileReference; lastKnownFileType = sourcecode.swift; path = ProjectDetailViewModel.swift; sourceTree = "<group>"; };
		187B1C592ED666490090DE18 /* VendorDetailViewModel.swift */ = {isa = PBXFileReference; lastKnownFileType = sourcecode.swift; path = VendorDetailViewModel.swift; sourceTree = "<group>"; };
		187B1C5B2ED6666B0090DE18 /* VendorDetailView.swift */ = {isa = PBXFileReference; lastKnownFileType = sourcecode.swift; path = VendorDetailView.swift; sourceTree = "<group>"; };
		187B1C5D2EDA11B50090DE18 /* ProfileView.swift */ = {isa = PBXFileReference; lastKnownFileType = sourcecode.swift; path = ProfileView.swift; sourceTree = "<group>"; };
		187B1C612EDA4CA70090DE18 /* RFPDetailViewModel.swift */ = {isa = PBXFileReference; lastKnownFileType = sourcecode.swift; path = RFPDetailViewModel.swift; sourceTree = "<group>"; };
		187B1C642EDA4E5F0090DE18 /* RFPListView.swift */ = {isa = PBXFileReference; lastKnownFileType = sourcecode.swift; path = RFPListView.swift; sourceTree = "<group>"; };
		187B1C662EDA4E790090DE18 /* RFPDetailView.swift */ = {isa = PBXFileReference; lastKnownFileType = sourcecode.swift; path = RFPDetailView.swift; sourceTree = "<group>"; };
		187B1C682EDA4EC70090DE18 /* CreateRFPView.swift */ = {isa = PBXFileReference; lastKnownFileType = sourcecode.swift; path = CreateRFPView.swift; sourceTree = "<group>"; };
		187B1C6A2EDA4EEF0090DE18 /* CreateRFPViewModel.swift */ = {isa = PBXFileReference; lastKnownFileType = sourcecode.swift; path = CreateRFPViewModel.swift; sourceTree = "<group>"; };
		187B1C6C2EDA4F0E0090DE18 /* RFPListViewModel.swift */ = {isa = PBXFileReference; lastKnownFileType = sourcecode.swift; path = RFPListViewModel.swift; sourceTree = "<group>"; };
		187B1C6E2EDA4FA10090DE18 /* RFPModel.swift */ = {isa = PBXFileReference; lastKnownFileType = sourcecode.swift; path = RFPModel.swift; sourceTree = "<group>"; };
		187B1C712EDCF5AD0090DE18 /* VendorMyBidsView.swift */ = {isa = PBXFileReference; lastKnownFileType = sourcecode.swift; path = VendorMyBidsView.swift; sourceTree = "<group>"; };
		187B1C752EDCF5F30090DE18 /* VendorDiscoverView.swift */ = {isa = PBXFileReference; lastKnownFileType = sourcecode.swift; path = VendorDiscoverView.swift; sourceTree = "<group>"; };
		187B1C772EDCF6620090DE18 /* VendorRFPBrowseView.swift */ = {isa = PBXFileReference; lastKnownFileType = sourcecode.swift; path = VendorRFPBrowseView.swift; sourceTree = "<group>"; };
		18FC97FD2D6EE0E90053CFD3 /* Info.plist */ = {isa = PBXFileReference; lastKnownFileType = text.plist; path = Info.plist; sourceTree = "<group>"; };
		18FC98002D6EE2910053CFD3 /* DelaGothicOne-Regular.ttf */ = {isa = PBXFileReference; lastKnownFileType = file; path = "DelaGothicOne-Regular.ttf"; sourceTree = "<group>"; };
		18FC98042D737EFC0053CFD3 /* IBMPlexMono-Regular.ttf */ = {isa = PBXFileReference; lastKnownFileType = file; path = "IBMPlexMono-Regular.ttf"; sourceTree = "<group>"; };
/* End PBXFileReference section */

/* Begin PBXFrameworksBuildPhase section */
		186326592D5B05BB00759DC1 /* Frameworks */ = {
			isa = PBXFrameworksBuildPhase;
			buildActionMask = 2147483647;
			files = (
				1857F8462E496E7800B75623 /* StripePaymentSheet in Frameworks */,
				1857F8402E496E7800B75623 /* StripeFinancialConnections in Frameworks */,
				1857F83C2E496E7800B75623 /* StripeCardScan in Frameworks */,
				1857F8382E496E7800B75623 /* Stripe in Frameworks */,
				1857F8422E496E7800B75623 /* StripeIdentity in Frameworks */,
				1857F83E2E496E7800B75623 /* StripeConnect in Frameworks */,
				1857F8482E496E7800B75623 /* StripePaymentsUI in Frameworks */,
				1857F8442E496E7800B75623 /* StripePayments in Frameworks */,
				1857F83A2E496E7800B75623 /* StripeApplePay in Frameworks */,
			);
			runOnlyForDeploymentPostprocessing = 0;
		};
/* End PBXFrameworksBuildPhase section */

/* Begin PBXGroup section */
		1857F8362E496E7800B75623 /* Frameworks */ = {
			isa = PBXGroup;
			children = (
			);
			name = Frameworks;
			sourceTree = "<group>";
		};
		186326532D5B05BB00759DC1 = {
			isa = PBXGroup;
			children = (
				1863265E2D5B05BB00759DC1 /* Goldy */,
				1857F8362E496E7800B75623 /* Frameworks */,
				1863265D2D5B05BB00759DC1 /* Products */,
			);
			sourceTree = "<group>";
		};
		1863265D2D5B05BB00759DC1 /* Products */ = {
			isa = PBXGroup;
			children = (
				1863265C2D5B05BB00759DC1 /* Goldy.app */,
			);
			name = Products;
			sourceTree = "<group>";
		};
		1863265E2D5B05BB00759DC1 /* Goldy */ = {
			isa = PBXGroup;
			children = (
				187B1BD92EC034930090DE18 /* Utilities */,
				187B1BDD2EC034960090DE18 /* Services */,
				187B1BE22EC0349A0090DE18 /* State */,
				187B1BE62EC0349D0090DE18 /* Login */,
				187B1BEE2EC034A00090DE18 /* Components */,
				187B1BF82EC034A20090DE18 /* Models */,
				187B1C012EC034A50090DE18 /* ViewModels */,
				187B1C202EC034A70090DE18 /* Views */,
				18FC97FD2D6EE0E90053CFD3 /* Info.plist */,
				186326632D5B05BC00759DC1 /* Assets.xcassets */,
				18FC98002D6EE2910053CFD3 /* DelaGothicOne-Regular.ttf */,
				18FC98042D737EFC0053CFD3 /* IBMPlexMono-Regular.ttf */,
				1818BD762DA1FE540078BCAB /* DaysOne-Regular.ttf */,
				186326652D5B05BC00759DC1 /* Goldy.entitlements */,
				186326662D5B05BC00759DC1 /* Preview Content */,
			);
			path = Goldy;
			sourceTree = "<group>";
		};
		186326662D5B05BC00759DC1 /* Preview Content */ = {
			isa = PBXGroup;
			children = (
				186326672D5B05BC00759DC1 /* Preview Assets.xcassets */,
			);
			path = "Preview Content";
			sourceTree = "<group>";
		};
		187B1BD92EC034930090DE18 /* Utilities */ = {
			isa = PBXGroup;
			children = (
				187B1BD82EC034930090DE18 /* Color+Extensions.swift */,
			);
			path = Utilities;
			sourceTree = "<group>";
		};
		187B1BDD2EC034960090DE18 /* Services */ = {
			isa = PBXGroup;
			children = (
				187B1BDB2EC034960090DE18 /* APIService.swift */,
			);
			path = Services;
			sourceTree = "<group>";
		};
		187B1BE22EC0349A0090DE18 /* State */ = {
			isa = PBXGroup;
			children = (
				187B1BE02EC0349A0090DE18 /* AppState.swift */,
				187B1BE12EC0349A0090DE18 /* GoldyApp.swift */,
			);
			path = State;
			sourceTree = "<group>";
		};
		187B1BE62EC0349D0090DE18 /* Login */ = {
			isa = PBXGroup;
			children = (
				187B1BE52EC0349D0090DE18 /* IntroView.swift */,
			);
			path = Login;
			sourceTree = "<group>";
		};
		187B1BEE2EC034A00090DE18 /* Components */ = {
			isa = PBXGroup;
			children = (
				187B1BE82EC034A00090DE18 /* AppBackgroundView.swift */,
				187B1BEA2EC034A00090DE18 /* LabelTextField.swift */,
				187B1BED2EC034A00090DE18 /* PrimaryActionButton.swift */,
			);
			path = Components;
			sourceTree = "<group>";
		};
		187B1BF82EC034A20090DE18 /* Models */ = {
			isa = PBXGroup;
			children = (
				187B1C6E2EDA4FA10090DE18 /* RFPModel.swift */,
				187B1C4A2ECBD3CB0090DE18 /* ProjectsResponse.swift */,
				187B1C482ECBD3150090DE18 /* Project.swift */,
				187B1BF72EC034A20090DE18 /* User.swift */,
			);
			path = Models;
			sourceTree = "<group>";
		};
		187B1C012EC034A50090DE18 /* ViewModels */ = {
			isa = PBXGroup;
			children = (
				187B1C602EDA4CA30090DE18 /* RFP */,
				187B1C452ECBD26F0090DE18 /* Projects */,
				187B1BFC2EC034A50090DE18 /* AuthViewModel.swift */,
				187B1BFE2EC034A50090DE18 /* SignupViewModel.swift */,
				187B1BFF2EC034A50090DE18 /* UserSearchViewModel.swift */,
				187B1C002EC034A50090DE18 /* VendorOnboardingViewModel.swift */,
			);
			path = ViewModels;
			sourceTree = "<group>";
		};
		187B1C092EC034A70090DE18 /* Auth */ = {
			isa = PBXGroup;
			children = (
				187B1C072EC034A70090DE18 /* LoginView.swift */,
				187B1C082EC034A70090DE18 /* SignupView.swift */,
			);
			path = Auth;
			sourceTree = "<group>";
		};
		187B1C0D2EC034A70090DE18 /* Root */ = {
			isa = PBXGroup;
			children = (
				187B1C0A2EC034A70090DE18 /* CustomerTabView.swift */,
				187B1C0B2EC034A70090DE18 /* RootView.swift */,
				187B1C0C2EC034A70090DE18 /* VendorTabView.swift */,
			);
			path = Root;
			sourceTree = "<group>";
		};
		187B1C112EC034A70090DE18 /* Vendor */ = {
			isa = PBXGroup;
			children = (
				187B1C0E2EC034A70090DE18 /* VendorOnboardingView.swift */,
				187B1C0F2EC034A70090DE18 /* VendorQuickProfileView.swift */,
				187B1C102EC034A70090DE18 /* VendorWelcomeView.swift */,
			);
			path = Vendor;
			sourceTree = "<group>";
		};
		187B1C202EC034A70090DE18 /* Views */ = {
			isa = PBXGroup;
			children = (
				187B1C702EDCF5A80090DE18 /* VendorRFP */,
				187B1C632EDA4E5B0090DE18 /* RFP */,
				187B1C402EC0368E0090DE18 /* Profile */,
				187B1C0D2EC034A70090DE18 /* Root */,
				187B1C092EC034A70090DE18 /* Auth */,
				187B1C372EC035720090DE18 /* Projects */,
				187B1C3A2EC035930090DE18 /* Discover */,
				187B1C3D2EC035B00090DE18 /* Messages */,
				187B1C112EC034A70090DE18 /* Vendor */,
				187B1C142EC034A70090DE18 /* EscrowCardView.swift */,
				187B1C172EC034A70090DE18 /* EscrowFundCard.swift */,
				187B1C182EC034A70090DE18 /* FundEscrowView.swift */,
				187B1C1A2EC034A70090DE18 /* MakePaymentView.swift */,
				187B1C1B2EC034A70090DE18 /* OpenEscrowsView.swift */,
				187B1C1C2EC034A70090DE18 /* PartySelectionView.swift */,
				187B1C1D2EC034A70090DE18 /* ProgressBar.swift */,
				187B1C1F2EC034A70090DE18 /* UserSearchSheetView.swift */,
			);
			path = Views;
			sourceTree = "<group>";
		};
		187B1C372EC035720090DE18 /* Projects */ = {
			isa = PBXGroup;
			children = (
				187B1C5B2ED6666B0090DE18 /* VendorDetailView.swift */,
				187B1C512ED65F1C0090DE18 /* AddVendorView.swift */,
				187B1C4F2ED65CD60090DE18 /* ProjectDetailView.swift */,
				187B1C4D2ECFBA7E0090DE18 /* CreateProjectView.swift */,
				187B1C382EC035810090DE18 /* ProjectsView.swift */,
			);
			path = Projects;
			sourceTree = "<group>";
		};
		187B1C3A2EC035930090DE18 /* Discover */ = {
			isa = PBXGroup;
			children = (
				187B1C752EDCF5F30090DE18 /* VendorDiscoverView.swift */,
				187B1C432EC036EE0090DE18 /* RPFsView.swift */,
				187B1C3B2EC0359B0090DE18 /* DiscoverView.swift */,
			);
			path = Discover;
			sourceTree = "<group>";
		};
		187B1C3D2EC035B00090DE18 /* Messages */ = {
			isa = PBXGroup;
			children = (
				187B1C3E2EC035BA0090DE18 /* MessagesView.swift */,
			);
			path = Messages;
			sourceTree = "<group>";
		};
		187B1C402EC0368E0090DE18 /* Profile */ = {
			isa = PBXGroup;
			children = (
				187B1C5D2EDA11B50090DE18 /* ProfileView.swift */,
				187B1C412EC036970090DE18 /* ProfileViewOld.swift */,
			);
			path = Profile;
			sourceTree = "<group>";
		};
		187B1C452ECBD26F0090DE18 /* Projects */ = {
			isa = PBXGroup;
			children = (
				187B1C592ED666490090DE18 /* VendorDetailViewModel.swift */,
				187B1C572ED661E70090DE18 /* ProjectDetailViewModel.swift */,
				187B1C552ED65F480090DE18 /* AddVendorViewModel.swift */,
				187B1C462ECBD2740090DE18 /* ProjectsViewModel.swift */,
			);
			path = Projects;
			sourceTree = "<group>";
		};
		187B1C602EDA4CA30090DE18 /* RFP */ = {
			isa = PBXGroup;
			children = (
				187B1C6C2EDA4F0E0090DE18 /* RFPListViewModel.swift */,
				187B1C6A2EDA4EEF0090DE18 /* CreateRFPViewModel.swift */,
				187B1C612EDA4CA70090DE18 /* RFPDetailViewModel.swift */,
			);
			path = RFP;
			sourceTree = "<group>";
		};
		187B1C632EDA4E5B0090DE18 /* RFP */ = {
			isa = PBXGroup;
			children = (
				187B1C682EDA4EC70090DE18 /* CreateRFPView.swift */,
				187B1C662EDA4E790090DE18 /* RFPDetailView.swift */,
				187B1C642EDA4E5F0090DE18 /* RFPListView.swift */,
			);
			path = RFP;
			sourceTree = "<group>";
		};
		187B1C702EDCF5A80090DE18 /* VendorRFP */ = {
			isa = PBXGroup;
			children = (
				187B1C772EDCF6620090DE18 /* VendorRFPBrowseView.swift */,
				187B1C712EDCF5AD0090DE18 /* VendorMyBidsView.swift */,
			);
			path = VendorRFP;
			sourceTree = "<group>";
		};
/* End PBXGroup section */

/* Begin PBXNativeTarget section */
		1863265B2D5B05BB00759DC1 /* Goldy */ = {
			isa = PBXNativeTarget;
			buildConfigurationList = 1863266B2D5B05BC00759DC1 /* Build configuration list for PBXNativeTarget "Goldy" */;
			buildPhases = (
				186326582D5B05BB00759DC1 /* Sources */,
				186326592D5B05BB00759DC1 /* Frameworks */,
				1863265A2D5B05BB00759DC1 /* Resources */,
			);
			buildRules = (
			);
			dependencies = (
			);
			name = Goldy;
			productName = Goldy;
			productReference = 1863265C2D5B05BB00759DC1 /* Goldy.app */;
			productType = "com.apple.product-type.application";
		};
/* End PBXNativeTarget section */

/* Begin PBXProject section */
		186326542D5B05BB00759DC1 /* Project object */ = {
			isa = PBXProject;
			attributes = {
				BuildIndependentTargetsInParallel = 1;
				LastSwiftUpdateCheck = 1540;
				LastUpgradeCheck = 1620;
				TargetAttributes = {
					1863265B2D5B05BB00759DC1 = {
						CreatedOnToolsVersion = 15.4;
					};
				};
			};
			buildConfigurationList = 186326572D5B05BB00759DC1 /* Build configuration list for PBXProject "Goldy" */;
			compatibilityVersion = "Xcode 14.0";
			developmentRegion = en;
			hasScannedForEncodings = 0;
			knownRegions = (
				en,
				Base,
			);
			mainGroup = 186326532D5B05BB00759DC1;
			packageReferences = (
				1857F8352E496C3100B75623 /* XCRemoteSwiftPackageReference "stripe-ios" */,
			);
			productRefGroup = 1863265D2D5B05BB00759DC1 /* Products */;
			projectDirPath = "";
			projectRoot = "";
			targets = (
				1863265B2D5B05BB00759DC1 /* Goldy */,
			);
		};
/* End PBXProject section */

/* Begin PBXResourcesBuildPhase section */
		1863265A2D5B05BB00759DC1 /* Resources */ = {
			isa = PBXResourcesBuildPhase;
			buildActionMask = 2147483647;
			files = (
				18FC98052D737EFC0053CFD3 /* IBMPlexMono-Regular.ttf in Resources */,
				186326682D5B05BC00759DC1 /* Preview Assets.xcassets in Resources */,
				1818BD772DA1FE540078BCAB /* DaysOne-Regular.ttf in Resources */,
				186326642D5B05BC00759DC1 /* Assets.xcassets in Resources */,
				18FC98012D6EE2910053CFD3 /* DelaGothicOne-Regular.ttf in Resources */,
			);
			runOnlyForDeploymentPostprocessing = 0;
		};
/* End PBXResourcesBuildPhase section */

/* Begin PBXSourcesBuildPhase section */
		186326582D5B05BB00759DC1 /* Sources */ = {
			isa = PBXSourcesBuildPhase;
			buildActionMask = 2147483647;
			files = (
				187B1C722EDCF5B70090DE18 /* VendorMyBidsView.swift in Sources */,
				187B1C762EDCF5F70090DE18 /* VendorDiscoverView.swift in Sources */,
				187B1C522ED65F200090DE18 /* AddVendorView.swift in Sources */,
				187B1BE32EC0349A0090DE18 /* AppState.swift in Sources */,
				187B1BE42EC0349A0090DE18 /* GoldyApp.swift in Sources */,
				187B1BDA2EC034930090DE18 /* Color+Extensions.swift in Sources */,
				187B1BEF2EC034A00090DE18 /* AppBackgroundView.swift in Sources */,
				187B1C022EC034A50090DE18 /* AuthViewModel.swift in Sources */,
				187B1C042EC034A50090DE18 /* SignupViewModel.swift in Sources */,
				187B1C052EC034A50090DE18 /* UserSearchViewModel.swift in Sources */,
				187B1C062EC034A50090DE18 /* VendorOnboardingViewModel.swift in Sources */,
				187B1C652EDA4E610090DE18 /* RFPListView.swift in Sources */,
				187B1C492ECBD31C0090DE18 /* Project.swift in Sources */,
				187B1C6B2EDA4EF30090DE18 /* CreateRFPViewModel.swift in Sources */,
				187B1BFB2EC034A20090DE18 /* User.swift in Sources */,
				187B1BF12EC034A00090DE18 /* LabelTextField.swift in Sources */,
				187B1C212EC034A70090DE18 /* LoginView.swift in Sources */,
				187B1C222EC034A70090DE18 /* SignupView.swift in Sources */,
				187B1C232EC034A70090DE18 /* CustomerTabView.swift in Sources */,
				187B1C502ED65CDB0090DE18 /* ProjectDetailView.swift in Sources */,
				187B1C242EC034A70090DE18 /* RootView.swift in Sources */,
				187B1C562ED65F4C0090DE18 /* AddVendorViewModel.swift in Sources */,
				187B1C252EC034A70090DE18 /* VendorTabView.swift in Sources */,
				187B1C672EDA4E7C0090DE18 /* RFPDetailView.swift in Sources */,
				187B1C582ED661EB0090DE18 /* ProjectDetailViewModel.swift in Sources */,
				187B1C782EDCF6670090DE18 /* VendorRFPBrowseView.swift in Sources */,
				187B1C5A2ED6664D0090DE18 /* VendorDetailViewModel.swift in Sources */,
				187B1C622EDA4CAB0090DE18 /* RFPDetailViewModel.swift in Sources */,
				187B1C262EC034A70090DE18 /* VendorOnboardingView.swift in Sources */,
				187B1C272EC034A70090DE18 /* VendorQuickProfileView.swift in Sources */,
				187B1C392EC035840090DE18 /* ProjectsView.swift in Sources */,
				187B1C282EC034A70090DE18 /* VendorWelcomeView.swift in Sources */,
				187B1C692EDA4ECB0090DE18 /* CreateRFPView.swift in Sources */,
				187B1C2B2EC034A70090DE18 /* EscrowCardView.swift in Sources */,
				187B1C2E2EC034A70090DE18 /* EscrowFundCard.swift in Sources */,
				187B1C4E2ECFBA880090DE18 /* CreateProjectView.swift in Sources */,
				187B1C2F2EC034A70090DE18 /* FundEscrowView.swift in Sources */,
				187B1C5C2ED6666E0090DE18 /* VendorDetailView.swift in Sources */,
				187B1C312EC034A70090DE18 /* MakePaymentView.swift in Sources */,
				187B1C322EC034A70090DE18 /* OpenEscrowsView.swift in Sources */,
				187B1C3C2EC035A00090DE18 /* DiscoverView.swift in Sources */,
				187B1C6F2EDA4FA30090DE18 /* RFPModel.swift in Sources */,
				187B1C332EC034A70090DE18 /* PartySelectionView.swift in Sources */,
				187B1C3F2EC035BC0090DE18 /* MessagesView.swift in Sources */,
				187B1C342EC034A70090DE18 /* ProgressBar.swift in Sources */,
				187B1C4B2ECBD3CE0090DE18 /* ProjectsResponse.swift in Sources */,
				187B1C5E2EDA11B80090DE18 /* ProfileView.swift in Sources */,
				187B1C472ECBD2790090DE18 /* ProjectsViewModel.swift in Sources */,
				187B1C422EC036990090DE18 /* ProfileViewOld.swift in Sources */,
				187B1C362EC034A70090DE18 /* UserSearchSheetView.swift in Sources */,
				187B1C6D2EDA4F110090DE18 /* RFPListViewModel.swift in Sources */,
				187B1BF42EC034A00090DE18 /* PrimaryActionButton.swift in Sources */,
				187B1C442EC036F60090DE18 /* RPFsView.swift in Sources */,
				187B1BDE2EC034960090DE18 /* APIService.swift in Sources */,
				187B1BE72EC0349D0090DE18 /* IntroView.swift in Sources */,
			);
			runOnlyForDeploymentPostprocessing = 0;
		};
/* End PBXSourcesBuildPhase section */

/* Begin XCBuildConfiguration section */
		186326692D5B05BC00759DC1 /* Debug */ = {
			isa = XCBuildConfiguration;
			buildSettings = {
				ALWAYS_SEARCH_USER_PATHS = NO;
				ASSETCATALOG_COMPILER_GENERATE_SWIFT_ASSET_SYMBOL_EXTENSIONS = YES;
				CLANG_ANALYZER_NONNULL = YES;
				CLANG_ANALYZER_NUMBER_OBJECT_CONVERSION = YES_AGGRESSIVE;
				CLANG_CXX_LANGUAGE_STANDARD = "gnu++20";
				CLANG_ENABLE_MODULES = YES;
				CLANG_ENABLE_OBJC_ARC = YES;
				CLANG_ENABLE_OBJC_WEAK = YES;
				CLANG_WARN_BLOCK_CAPTURE_AUTORELEASING = YES;
				CLANG_WARN_BOOL_CONVERSION = YES;
				CLANG_WARN_COMMA = YES;
				CLANG_WARN_CONSTANT_CONVERSION = YES;
				CLANG_WARN_DEPRECATED_OBJC_IMPLEMENTATIONS = YES;
				CLANG_WARN_DIRECT_OBJC_ISA_USAGE = YES_ERROR;
				CLANG_WARN_DOCUMENTATION_COMMENTS = YES;
				CLANG_WARN_EMPTY_BODY = YES;
				CLANG_WARN_ENUM_CONVERSION = YES;
				CLANG_WARN_INFINITE_RECURSION = YES;
				CLANG_WARN_INT_CONVERSION = YES;
				CLANG_WARN_NON_LITERAL_NULL_CONVERSION = YES;
				CLANG_WARN_OBJC_IMPLICIT_RETAIN_SELF = YES;
				CLANG_WARN_OBJC_LITERAL_CONVERSION = YES;
				CLANG_WARN_OBJC_ROOT_CLASS = YES_ERROR;
				CLANG_WARN_QUOTED_INCLUDE_IN_FRAMEWORK_HEADER = YES;
				CLANG_WARN_RANGE_LOOP_ANALYSIS = YES;
				CLANG_WARN_STRICT_PROTOTYPES = YES;
				CLANG_WARN_SUSPICIOUS_MOVE = YES;
				CLANG_WARN_UNGUARDED_AVAILABILITY = YES_AGGRESSIVE;
				CLANG_WARN_UNREACHABLE_CODE = YES;
				CLANG_WARN__DUPLICATE_METHOD_MATCH = YES;
				COPY_PHASE_STRIP = NO;
				DEAD_CODE_STRIPPING = YES;
				DEBUG_INFORMATION_FORMAT = dwarf;
				ENABLE_STRICT_OBJC_MSGSEND = YES;
				ENABLE_TESTABILITY = YES;
				ENABLE_USER_SCRIPT_SANDBOXING = YES;
				GCC_C_LANGUAGE_STANDARD = gnu17;
				GCC_DYNAMIC_NO_PIC = NO;
				GCC_NO_COMMON_BLOCKS = YES;
				GCC_OPTIMIZATION_LEVEL = 0;
				GCC_PREPROCESSOR_DEFINITIONS = (
					"DEBUG=1",
					"$(inherited)",
				);
				GCC_WARN_64_TO_32_BIT_CONVERSION = YES;
				GCC_WARN_ABOUT_RETURN_TYPE = YES_ERROR;
				GCC_WARN_UNDECLARED_SELECTOR = YES;
				GCC_WARN_UNINITIALIZED_AUTOS = YES_AGGRESSIVE;
				GCC_WARN_UNUSED_FUNCTION = YES;
				GCC_WARN_UNUSED_VARIABLE = YES;
				LOCALIZATION_PREFERS_STRING_CATALOGS = YES;
				MTL_ENABLE_DEBUG_INFO = INCLUDE_SOURCE;
				MTL_FAST_MATH = YES;
				ONLY_ACTIVE_ARCH = YES;
				SWIFT_ACTIVE_COMPILATION_CONDITIONS = "DEBUG $(inherited)";
				SWIFT_OPTIMIZATION_LEVEL = "-Onone";
			};
			name = Debug;
		};
		1863266A2D5B05BC00759DC1 /* Release */ = {
			isa = XCBuildConfiguration;
			buildSettings = {
				ALWAYS_SEARCH_USER_PATHS = NO;
				ASSETCATALOG_COMPILER_GENERATE_SWIFT_ASSET_SYMBOL_EXTENSIONS = YES;
				CLANG_ANALYZER_NONNULL = YES;
				CLANG_ANALYZER_NUMBER_OBJECT_CONVERSION = YES_AGGRESSIVE;
				CLANG_CXX_LANGUAGE_STANDARD = "gnu++20";
				CLANG_ENABLE_MODULES = YES;
				CLANG_ENABLE_OBJC_ARC = YES;
				CLANG_ENABLE_OBJC_WEAK = YES;
				CLANG_WARN_BLOCK_CAPTURE_AUTORELEASING = YES;
				CLANG_WARN_BOOL_CONVERSION = YES;
				CLANG_WARN_COMMA = YES;
				CLANG_WARN_CONSTANT_CONVERSION = YES;
				CLANG_WARN_DEPRECATED_OBJC_IMPLEMENTATIONS = YES;
				CLANG_WARN_DIRECT_OBJC_ISA_USAGE = YES_ERROR;
				CLANG_WARN_DOCUMENTATION_COMMENTS = YES;
				CLANG_WARN_EMPTY_BODY = YES;
				CLANG_WARN_ENUM_CONVERSION = YES;
				CLANG_WARN_INFINITE_RECURSION = YES;
				CLANG_WARN_INT_CONVERSION = YES;
				CLANG_WARN_NON_LITERAL_NULL_CONVERSION = YES;
				CLANG_WARN_OBJC_IMPLICIT_RETAIN_SELF = YES;
				CLANG_WARN_OBJC_LITERAL_CONVERSION = YES;
				CLANG_WARN_OBJC_ROOT_CLASS = YES_ERROR;
				CLANG_WARN_QUOTED_INCLUDE_IN_FRAMEWORK_HEADER = YES;
				CLANG_WARN_RANGE_LOOP_ANALYSIS = YES;
				CLANG_WARN_STRICT_PROTOTYPES = YES;
				CLANG_WARN_SUSPICIOUS_MOVE = YES;
				CLANG_WARN_UNGUARDED_AVAILABILITY = YES_AGGRESSIVE;
				CLANG_WARN_UNREACHABLE_CODE = YES;
				CLANG_WARN__DUPLICATE_METHOD_MATCH = YES;
				COPY_PHASE_STRIP = NO;
				DEAD_CODE_STRIPPING = YES;
				DEBUG_INFORMATION_FORMAT = "dwarf-with-dsym";
				ENABLE_NS_ASSERTIONS = NO;
				ENABLE_STRICT_OBJC_MSGSEND = YES;
				ENABLE_USER_SCRIPT_SANDBOXING = YES;
				GCC_C_LANGUAGE_STANDARD = gnu17;
				GCC_NO_COMMON_BLOCKS = YES;
				GCC_WARN_64_TO_32_BIT_CONVERSION = YES;
				GCC_WARN_ABOUT_RETURN_TYPE = YES_ERROR;
				GCC_WARN_UNDECLARED_SELECTOR = YES;
				GCC_WARN_UNINITIALIZED_AUTOS = YES_AGGRESSIVE;
				GCC_WARN_UNUSED_FUNCTION = YES;
				GCC_WARN_UNUSED_VARIABLE = YES;
				LOCALIZATION_PREFERS_STRING_CATALOGS = YES;
				MTL_ENABLE_DEBUG_INFO = NO;
				MTL_FAST_MATH = YES;
				SWIFT_COMPILATION_MODE = wholemodule;
			};
			name = Release;
		};
		1863266C2D5B05BC00759DC1 /* Debug */ = {
			isa = XCBuildConfiguration;
			buildSettings = {
				ASSETCATALOG_COMPILER_APPICON_NAME = AppIcon;
				ASSETCATALOG_COMPILER_GLOBAL_ACCENT_COLOR_NAME = AccentColor;
				CODE_SIGN_ENTITLEMENTS = Goldy/Goldy.entitlements;
				CODE_SIGN_IDENTITY = "Apple Development";
				CODE_SIGN_STYLE = Automatic;
				CURRENT_PROJECT_VERSION = 1;
				DEAD_CODE_STRIPPING = YES;
				DEVELOPMENT_ASSET_PATHS = "\"Goldy/Preview Content\"";
				DEVELOPMENT_TEAM = 24S36Y3GNV;
				ENABLE_HARDENED_RUNTIME = YES;
				ENABLE_PREVIEWS = YES;
				GENERATE_INFOPLIST_FILE = YES;
				INFOPLIST_FILE = Goldy/Info.plist;
				"INFOPLIST_KEY_UIApplicationSceneManifest_Generation[sdk=iphoneos*]" = YES;
				"INFOPLIST_KEY_UIApplicationSceneManifest_Generation[sdk=iphonesimulator*]" = YES;
				"INFOPLIST_KEY_UIApplicationSupportsIndirectInputEvents[sdk=iphoneos*]" = YES;
				"INFOPLIST_KEY_UIApplicationSupportsIndirectInputEvents[sdk=iphonesimulator*]" = YES;
				"INFOPLIST_KEY_UILaunchScreen_Generation[sdk=iphoneos*]" = YES;
				"INFOPLIST_KEY_UILaunchScreen_Generation[sdk=iphonesimulator*]" = YES;
				"INFOPLIST_KEY_UIStatusBarStyle[sdk=iphoneos*]" = UIStatusBarStyleDefault;
				"INFOPLIST_KEY_UIStatusBarStyle[sdk=iphonesimulator*]" = UIStatusBarStyleDefault;
				INFOPLIST_KEY_UISupportedInterfaceOrientations_iPad = "UIInterfaceOrientationPortrait UIInterfaceOrientationPortraitUpsideDown UIInterfaceOrientationLandscapeLeft UIInterfaceOrientationLandscapeRight";
				INFOPLIST_KEY_UISupportedInterfaceOrientations_iPhone = "UIInterfaceOrientationPortrait UIInterfaceOrientationLandscapeLeft UIInterfaceOrientationLandscapeRight";
				IPHONEOS_DEPLOYMENT_TARGET = 17.5;
				LD_RUNPATH_SEARCH_PATHS = "@executable_path/Frameworks";
				"LD_RUNPATH_SEARCH_PATHS[sdk=macosx*]" = "@executable_path/../Frameworks";
				MACOSX_DEPLOYMENT_TARGET = 14.2;
				MARKETING_VERSION = 1.0;
				PRODUCT_BUNDLE_IDENTIFIER = com.gohard.ios;
				PRODUCT_NAME = "$(TARGET_NAME)";
				PROVISIONING_PROFILE_SPECIFIER = "";
				SDKROOT = auto;
				SUPPORTED_PLATFORMS = "iphoneos iphonesimulator macosx";
				SWIFT_EMIT_LOC_STRINGS = YES;
				SWIFT_VERSION = 5.0;
				TARGETED_DEVICE_FAMILY = "1,2";
			};
			name = Debug;
		};
		1863266D2D5B05BC00759DC1 /* Release */ = {
			isa = XCBuildConfiguration;
			buildSettings = {
				ASSETCATALOG_COMPILER_APPICON_NAME = AppIcon;
				ASSETCATALOG_COMPILER_GLOBAL_ACCENT_COLOR_NAME = AccentColor;
				CODE_SIGN_ENTITLEMENTS = Goldy/Goldy.entitlements;
				CODE_SIGN_IDENTITY = "Apple Development";
				CODE_SIGN_STYLE = Automatic;
				CURRENT_PROJECT_VERSION = 1;
				DEAD_CODE_STRIPPING = YES;
				DEVELOPMENT_ASSET_PATHS = "\"Goldy/Preview Content\"";
				DEVELOPMENT_TEAM = 24S36Y3GNV;
				ENABLE_HARDENED_RUNTIME = YES;
				ENABLE_PREVIEWS = YES;
				GENERATE_INFOPLIST_FILE = YES;
				INFOPLIST_FILE = Goldy/Info.plist;
				"INFOPLIST_KEY_UIApplicationSceneManifest_Generation[sdk=iphoneos*]" = YES;
				"INFOPLIST_KEY_UIApplicationSceneManifest_Generation[sdk=iphonesimulator*]" = YES;
				"INFOPLIST_KEY_UIApplicationSupportsIndirectInputEvents[sdk=iphoneos*]" = YES;
				"INFOPLIST_KEY_UIApplicationSupportsIndirectInputEvents[sdk=iphonesimulator*]" = YES;
				"INFOPLIST_KEY_UILaunchScreen_Generation[sdk=iphoneos*]" = YES;
				"INFOPLIST_KEY_UILaunchScreen_Generation[sdk=iphonesimulator*]" = YES;
				"INFOPLIST_KEY_UIStatusBarStyle[sdk=iphoneos*]" = UIStatusBarStyleDefault;
				"INFOPLIST_KEY_UIStatusBarStyle[sdk=iphonesimulator*]" = UIStatusBarStyleDefault;
				INFOPLIST_KEY_UISupportedInterfaceOrientations_iPad = "UIInterfaceOrientationPortrait UIInterfaceOrientationPortraitUpsideDown UIInterfaceOrientationLandscapeLeft UIInterfaceOrientationLandscapeRight";
				INFOPLIST_KEY_UISupportedInterfaceOrientations_iPhone = "UIInterfaceOrientationPortrait UIInterfaceOrientationLandscapeLeft UIInterfaceOrientationLandscapeRight";
				IPHONEOS_DEPLOYMENT_TARGET = 17.5;
				LD_RUNPATH_SEARCH_PATHS = "@executable_path/Frameworks";
				"LD_RUNPATH_SEARCH_PATHS[sdk=macosx*]" = "@executable_path/../Frameworks";
				MACOSX_DEPLOYMENT_TARGET = 14.2;
				MARKETING_VERSION = 1.0;
				PRODUCT_BUNDLE_IDENTIFIER = com.gohard.ios;
				PRODUCT_NAME = "$(TARGET_NAME)";
				PROVISIONING_PROFILE_SPECIFIER = "";
				SDKROOT = auto;
				SUPPORTED_PLATFORMS = "iphoneos iphonesimulator macosx";
				SWIFT_EMIT_LOC_STRINGS = YES;
				SWIFT_VERSION = 5.0;
				TARGETED_DEVICE_FAMILY = "1,2";
			};
			name = Release;
		};
/* End XCBuildConfiguration section */

/* Begin XCConfigurationList section */
		186326572D5B05BB00759DC1 /* Build configuration list for PBXProject "Goldy" */ = {
			isa = XCConfigurationList;
			buildConfigurations = (
				186326692D5B05BC00759DC1 /* Debug */,
				1863266A2D5B05BC00759DC1 /* Release */,
			);
			defaultConfigurationIsVisible = 0;
			defaultConfigurationName = Release;
		};
		1863266B2D5B05BC00759DC1 /* Build configuration list for PBXNativeTarget "Goldy" */ = {
			isa = XCConfigurationList;
			buildConfigurations = (
				1863266C2D5B05BC00759DC1 /* Debug */,
				1863266D2D5B05BC00759DC1 /* Release */,
			);
			defaultConfigurationIsVisible = 0;
			defaultConfigurationName = Release;
		};
/* End XCConfigurationList section */

/* Begin XCRemoteSwiftPackageReference section */
		1857F8352E496C3100B75623 /* XCRemoteSwiftPackageReference "stripe-ios" */ = {
			isa = XCRemoteSwiftPackageReference;
			repositoryURL = "https://github.com/stripe/stripe-ios";
			requirement = {
				kind = upToNextMajorVersion;
				minimumVersion = 24.19.0;
			};
		};
/* End XCRemoteSwiftPackageReference section */

/* Begin XCSwiftPackageProductDependency section */
		1857F8372E496E7800B75623 /* Stripe */ = {
			isa = XCSwiftPackageProductDependency;
			package = 1857F8352E496C3100B75623 /* XCRemoteSwiftPackageReference "stripe-ios" */;
			productName = Stripe;
		};
		1857F8392E496E7800B75623 /* StripeApplePay */ = {
			isa = XCSwiftPackageProductDependency;
			package = 1857F8352E496C3100B75623 /* XCRemoteSwiftPackageReference "stripe-ios" */;
			productName = StripeApplePay;
		};
		1857F83B2E496E7800B75623 /* StripeCardScan */ = {
			isa = XCSwiftPackageProductDependency;
			package = 1857F8352E496C3100B75623 /* XCRemoteSwiftPackageReference "stripe-ios" */;
			productName = StripeCardScan;
		};
		1857F83D2E496E7800B75623 /* StripeConnect */ = {
			isa = XCSwiftPackageProductDependency;
			package = 1857F8352E496C3100B75623 /* XCRemoteSwiftPackageReference "stripe-ios" */;
			productName = StripeConnect;
		};
		1857F83F2E496E7800B75623 /* StripeFinancialConnections */ = {
			isa = XCSwiftPackageProductDependency;
			package = 1857F8352E496C3100B75623 /* XCRemoteSwiftPackageReference "stripe-ios" */;
			productName = StripeFinancialConnections;
		};
		1857F8412E496E7800B75623 /* StripeIdentity */ = {
			isa = XCSwiftPackageProductDependency;
			package = 1857F8352E496C3100B75623 /* XCRemoteSwiftPackageReference "stripe-ios" */;
			productName = StripeIdentity;
		};
		1857F8432E496E7800B75623 /* StripePayments */ = {
			isa = XCSwiftPackageProductDependency;
			package = 1857F8352E496C3100B75623 /* XCRemoteSwiftPackageReference "stripe-ios" */;
			productName = StripePayments;
		};
		1857F8452E496E7800B75623 /* StripePaymentSheet */ = {
			isa = XCSwiftPackageProductDependency;
			package = 1857F8352E496C3100B75623 /* XCRemoteSwiftPackageReference "stripe-ios" */;
			productName = StripePaymentSheet;
		};
		1857F8472E496E7800B75623 /* StripePaymentsUI */ = {
			isa = XCSwiftPackageProductDependency;
			package = 1857F8352E496C3100B75623 /* XCRemoteSwiftPackageReference "stripe-ios" */;
			productName = StripePaymentsUI;
		};
/* End XCSwiftPackageProductDependency section */
	};
	rootObject = 186326542D5B05BB00759DC1 /* Project object */;
}
